
Microsoft Visual Studio Solution File, Format Version 10.00
# Visual C# Express 2008
Project("{FAE04EC0-301F-11D3-BF4B-00C04F79EFBC}") = "MUDEngine", "MUDEngine\MUDEngine.csproj", "{33828B3B-F227-4726-8FCD-3D9D780E643D}"
EndProject
Project("{FAE04EC0-301F-11D3-BF4B-00C04F79EFBC}") = "Project Manager", "Project Manager\Project Manager.csproj", "{1D77BC25-63FD-47BB-AE08-39D0D6E1272B}"
EndProject
Project("{FAE04EC0-301F-11D3-BF4B-00C04F79EFBC}") = "CurrencyEditor", "CurrencyEditor\CurrencyEditor.csproj", "{FF28EB1C-F811-40CF-91B1-1D9F5EB5A233}"
EndProject
Project("{FAE04EC0-301F-11D3-BF4B-00C04F79EFBC}") = "RoomDesigner", "RoomDesigner\RoomDesigner.csproj", "{12C01373-5788-4404-A69F-ADC366F1FFB7}"
EndProject
Project("{FAE04EC0-301F-11D3-BF4B-00C04F79EFBC}") = "MudDesigner", "MudDesigner\MudDesigner.csproj", "{F782C36B-5A00-4BC9-BE4E-B631729DA40E}"
EndProject
Global
	GlobalSection(SolutionConfigurationPlatforms) = preSolution
		Debug|Any CPU = Debug|Any CPU
		Release|Any CPU = Release|Any CPU
	EndGlobalSection
	GlobalSection(ProjectConfigurationPlatforms) = postSolution
		{33828B3B-F227-4726-8FCD-3D9D780E643D}.Debug|Any CPU.ActiveCfg = Debug|Any CPU
		{33828B3B-F227-4726-8FCD-3D9D780E643D}.Debug|Any CPU.Build.0 = Debug|Any CPU
		{33828B3B-F227-4726-8FCD-3D9D780E643D}.Release|Any CPU.ActiveCfg = Release|Any CPU
		{33828B3B-F227-4726-8FCD-3D9D780E643D}.Release|Any CPU.Build.0 = Release|Any CPU
		{1D77BC25-63FD-47BB-AE08-39D0D6E1272B}.Debug|Any CPU.ActiveCfg = Debug|Any CPU
		{1D77BC25-63FD-47BB-AE08-39D0D6E1272B}.Debug|Any CPU.Build.0 = Debug|Any CPU
		{1D77BC25-63FD-47BB-AE08-39D0D6E1272B}.Release|Any CPU.ActiveCfg = Release|Any CPU
		{1D77BC25-63FD-47BB-AE08-39D0D6E1272B}.Release|Any CPU.Build.0 = Release|Any CPU
		{FF28EB1C-F811-40CF-91B1-1D9F5EB5A233}.Debug|Any CPU.ActiveCfg = Debug|Any CPU
		{FF28EB1C-F811-40CF-91B1-1D9F5EB5A233}.Debug|Any CPU.Build.0 = Debug|Any CPU
		{FF28EB1C-F811-40CF-91B1-1D9F5EB5A233}.Release|Any CPU.ActiveCfg = Release|Any CPU
		{FF28EB1C-F811-40CF-91B1-1D9F5EB5A233}.Release|Any CPU.Build.0 = Release|Any CPU
		{12C01373-5788-4404-A69F-ADC366F1FFB7}.Debug|Any CPU.ActiveCfg = Debug|Any CPU
		{12C01373-5788-4404-A69F-ADC366F1FFB7}.Debug|Any CPU.Build.0 = Debug|Any CPU
		{12C01373-5788-4404-A69F-ADC366F1FFB7}.Release|Any CPU.ActiveCfg = Release|Any CPU
		{12C01373-5788-4404-A69F-ADC366F1FFB7}.Release|Any CPU.Build.0 = Release|Any CPU
		{F782C36B-5A00-4BC9-BE4E-B631729DA40E}.Debug|Any CPU.ActiveCfg = Debug|Any CPU
		{F782C36B-5A00-4BC9-BE4E-B631729DA40E}.Debug|Any CPU.Build.0 = Debug|Any CPU
		{F782C36B-5A00-4BC9-BE4E-B631729DA40E}.Release|Any CPU.ActiveCfg = Release|Any CPU
		{F782C36B-5A00-4BC9-BE4E-B631729DA40E}.Release|Any CPU.Build.0 = Release|Any CPU
	EndGlobalSection
	GlobalSection(SolutionProperties) = preSolution
		HideSolutionNode = FALSE
	EndGlobalSection
EndGlobal
