
Microsoft Visual Studio Solution File, Format Version 11.00
# Visual Studio 2010
Project("{FAE04EC0-301F-11D3-BF4B-00C04F79EFBC}") = "WinPC_Server", "WinPC_Server\WinPC_Server.csproj", "{9F118DC3-CB8E-45FB-ABA5-10D50A6CD3F1}"
EndProject
Project("{FAE04EC0-301F-11D3-BF4B-00C04F79EFBC}") = "WinPC_Engine", "WinPC_Engine\WinPC_Engine.csproj", "{27C84625-1D4A-4DBF-9770-46D535506485}"
EndProject
Global
	GlobalSection(TeamFoundationVersionControl) = preSolution
		SccNumberOfProjects = 3
		SccEnterpriseProvider = {4CA58AB2-18FA-4F8D-95D4-32DDF27D184C}
		SccTeamFoundationServer = https://tfs.codeplex.com/tfs/tfs03
		SccLocalPath0 = .
		SccProjectUniqueName1 = WinPC_Engine\\WinPC_Engine.csproj
		SccProjectName1 = WinPC_Engine
		SccLocalPath1 = WinPC_Engine
		SccProjectUniqueName2 = WinPC_Server\\WinPC_Server.csproj
		SccProjectName2 = WinPC_Server
		SccLocalPath2 = WinPC_Server
	EndGlobalSection
	GlobalSection(SolutionConfigurationPlatforms) = preSolution
		Debug|Any CPU = Debug|Any CPU
		Debug|Mixed Platforms = Debug|Mixed Platforms
		Debug|x86 = Debug|x86
		Release|Any CPU = Release|Any CPU
		Release|Mixed Platforms = Release|Mixed Platforms
		Release|x86 = Release|x86
	EndGlobalSection
	GlobalSection(ProjectConfigurationPlatforms) = postSolution
		{9F118DC3-CB8E-45FB-ABA5-10D50A6CD3F1}.Debug|Any CPU.ActiveCfg = Debug|x86
		{9F118DC3-CB8E-45FB-ABA5-10D50A6CD3F1}.Debug|Mixed Platforms.ActiveCfg = Debug|x86
		{9F118DC3-CB8E-45FB-ABA5-10D50A6CD3F1}.Debug|Mixed Platforms.Build.0 = Debug|x86
		{9F118DC3-CB8E-45FB-ABA5-10D50A6CD3F1}.Debug|x86.ActiveCfg = Debug|x86
		{9F118DC3-CB8E-45FB-ABA5-10D50A6CD3F1}.Debug|x86.Build.0 = Debug|x86
		{9F118DC3-CB8E-45FB-ABA5-10D50A6CD3F1}.Release|Any CPU.ActiveCfg = Release|x86
		{9F118DC3-CB8E-45FB-ABA5-10D50A6CD3F1}.Release|Mixed Platforms.ActiveCfg = Release|x86
		{9F118DC3-CB8E-45FB-ABA5-10D50A6CD3F1}.Release|Mixed Platforms.Build.0 = Release|x86
		{9F118DC3-CB8E-45FB-ABA5-10D50A6CD3F1}.Release|x86.ActiveCfg = Release|x86
		{9F118DC3-CB8E-45FB-ABA5-10D50A6CD3F1}.Release|x86.Build.0 = Release|x86
		{27C84625-1D4A-4DBF-9770-46D535506485}.Debug|Any CPU.ActiveCfg = Debug|Any CPU
		{27C84625-1D4A-4DBF-9770-46D535506485}.Debug|Any CPU.Build.0 = Debug|Any CPU
		{27C84625-1D4A-4DBF-9770-46D535506485}.Debug|Mixed Platforms.ActiveCfg = Debug|Any CPU
		{27C84625-1D4A-4DBF-9770-46D535506485}.Debug|Mixed Platforms.Build.0 = Debug|Any CPU
		{27C84625-1D4A-4DBF-9770-46D535506485}.Debug|x86.ActiveCfg = Debug|Any CPU
		{27C84625-1D4A-4DBF-9770-46D535506485}.Release|Any CPU.ActiveCfg = Release|Any CPU
		{27C84625-1D4A-4DBF-9770-46D535506485}.Release|Any CPU.Build.0 = Release|Any CPU
		{27C84625-1D4A-4DBF-9770-46D535506485}.Release|Mixed Platforms.ActiveCfg = Release|Any CPU
		{27C84625-1D4A-4DBF-9770-46D535506485}.Release|Mixed Platforms.Build.0 = Release|Any CPU
		{27C84625-1D4A-4DBF-9770-46D535506485}.Release|x86.ActiveCfg = Release|Any CPU
	EndGlobalSection
	GlobalSection(SolutionProperties) = preSolution
		HideSolutionNode = FALSE
	EndGlobalSection
EndGlobal
