
Microsoft Visual Studio Solution File, Format Version 12.00
# Visual Studio 2013
VisualStudioVersion = 12.0.30501.0
MinimumVisualStudioVersion = 10.0.40219.1
Project("{2150E333-8FDC-42A3-9474-1A3956D46DE8}") = "Apps", "Apps", "{129B37F8-9FFA-4B8C-80B0-F571D1B6C24E}"
EndProject
Project("{2150E333-8FDC-42A3-9474-1A3956D46DE8}") = "Mud.Apps.Universal", "Mud.Apps.Universal", "{22A6D826-E2FA-4ED3-A130-0F653DBE9885}"
EndProject
Project("{D954291E-2A0B-460D-934E-DC6B0785DB48}") = "Mud.Apps.Universal.Shared", "Apps\Mud.Apps.Universal\Mud.Apps.Universal.Shared\Mud.Apps.Universal.Shared.shproj", "{91B002C3-4DA5-4977-8635-488FFD2CCF3A}"
EndProject
Project("{FAE04EC0-301F-11D3-BF4B-00C04F79EFBC}") = "Mud.Apps.Universal.Windows", "Apps\Mud.Apps.Universal\Mud.Apps.Universal.Windows\Mud.Apps.Universal.Windows.csproj", "{3B5A796D-87B2-40A6-ABF6-0F0BCB0B770C}"
EndProject
Project("{FAE04EC0-301F-11D3-BF4B-00C04F79EFBC}") = "Mud.Apps.Universal.WindowsPhone", "Apps\Mud.Apps.Universal\Mud.Apps.Universal.WindowsPhone\Mud.Apps.Universal.WindowsPhone.csproj", "{F88C8CE0-782A-4838-A239-3577AA302CA1}"
EndProject
Project("{2150E333-8FDC-42A3-9474-1A3956D46DE8}") = "Repositories", "Repositories", "{F1E65688-C9D7-4B4A-8E74-7EA1EA975560}"
EndProject
Project("{2150E333-8FDC-42A3-9474-1A3956D46DE8}") = "Services", "Services", "{3AB818F4-9336-486A-8F58-E58F4C16FF1C}"
EndProject
Project("{2150E333-8FDC-42A3-9474-1A3956D46DE8}") = "Tests", "Tests", "{3B2E05B4-DAC5-4A13-977E-193F3045B2F2}"
EndProject
Project("{FAE04EC0-301F-11D3-BF4B-00C04F79EFBC}") = "Mud.Repositories.Shared", "Repositories\Mud.Repositories.Shared\Mud.Repositories.Shared.csproj", "{1E50F1A9-B51A-4084-9293-0DBA1A14C92C}"
EndProject
Project("{2150E333-8FDC-42A3-9474-1A3956D46DE8}") = "Engine", "Engine", "{91D32ADD-0DC6-4E37-832D-CA6B9C3D7E95}"
EndProject
Project("{FAE04EC0-301F-11D3-BF4B-00C04F79EFBC}") = "Mud.Engine.Networking.Portable", "Engine\Mud.Engine.Networking.Portable\Mud.Engine.Networking.Portable.csproj", "{9AAA3563-0089-4C5B-A12C-D1B47E9DDF66}"
EndProject
Project("{2150E333-8FDC-42A3-9474-1A3956D46DE8}") = "Mud.Apps.Windows", "Mud.Apps.Windows", "{A0D6C3BE-0814-4A27-80B2-FD34033C006A}"
EndProject
Project("{FAE04EC0-301F-11D3-BF4B-00C04F79EFBC}") = "Mud.Apps.Windows.Desktop", "Apps\Mud.Apps.Windows\Mud.Apps.Windows.Desktop\Mud.Apps.Windows.Desktop.csproj", "{2BCED8BE-06F8-4042-B4AF-D1CEAC754B5E}"
EndProject
Project("{FAE04EC0-301F-11D3-BF4B-00C04F79EFBC}") = "Mud.Apps.Windows.Infrastructure", "Apps\Mud.Apps.Windows\Mud.Apps.Windows.Infrastructure\Mud.Apps.Windows.Infrastructure.csproj", "{13C2A63C-E51C-458E-9F95-BDD29D901A31}"
EndProject
Project("{2150E333-8FDC-42A3-9474-1A3956D46DE8}") = "Mud.Apps.Windows.Modules", "Mud.Apps.Windows.Modules", "{237F5CBB-4EFD-4150-8AD2-99B438AC3A61}"
EndProject
Project("{FAE04EC0-301F-11D3-BF4B-00C04F79EFBC}") = "ProjectPropertiesModule", "Apps\Mud.Apps.Windows\Mud.Apps.Windows.Modules\ProjectPropertiesModule\ProjectPropertiesModule.csproj", "{854E29B7-5AAD-4A0C-A226-936693155605}"
EndProject
Project("{FAE04EC0-301F-11D3-BF4B-00C04F79EFBC}") = "Mud.Apps.Windows.Modules.ProjectManagerModule", "Apps\Mud.Apps.Windows\Mud.Apps.Windows.Modules\Mud.Apps.Windows.Modules.ProjectManagerModule\Mud.Apps.Windows.Modules.ProjectManagerModule.csproj", "{2158886E-73A6-448B-BC2C-DE1E8D9B2017}"
EndProject
Project("{FAE04EC0-301F-11D3-BF4B-00C04F79EFBC}") = "Mud.Services.ParseDesktop", "Services\Mud.Services.ParseDesktop\Mud.Services.ParseDesktop.csproj", "{904BD3D0-E83B-410C-93F7-B97FA29ABC68}"
EndProject
Project("{FAE04EC0-301F-11D3-BF4B-00C04F79EFBC}") = "Mud.Engine.Default.Desktop", "Engine\Mud.Engine.Default.Desktop\Mud.Engine.Default.Desktop.csproj", "{EFCD4F40-A2CB-440B-A1C1-BAD78B784471}"
EndProject
Project("{FAE04EC0-301F-11D3-BF4B-00C04F79EFBC}") = "Mud.Engine.Core", "Engine\Mud.Engine.Core\Mud.Engine.Core.csproj", "{F27C159B-6412-46DC-8239-F0841C6801DC}"
EndProject
Project("{FAE04EC0-301F-11D3-BF4B-00C04F79EFBC}") = "Mud.Tests.Engine.Core", "Tests\Engine\Mud.Tests.Engine.Core\Mud.Tests.Engine.Core.csproj", "{56A25D24-238D-4A5F-BFAB-0FEB31637B4F}"
EndProject
Project("{FAE04EC0-301F-11D3-BF4B-00C04F79EFBC}") = "Mud.Apps.Windows.Server", "Apps\Mud.Apps.Windows\Mud.Apps.Windows.Server\Mud.Apps.Windows.Server.csproj", "{B0DD6155-8DB6-46AE-ADC2-C8A002C2AEAA}"
EndProject
Project("{FAE04EC0-301F-11D3-BF4B-00C04F79EFBC}") = "Mud.Apps.Windows.Shared", "Apps\Mud.Apps.Windows\Mud.Apps.Windows.Shared\Mud.Apps.Windows.Shared.csproj", "{F0CCAC7F-FFB3-4681-981C-FD98BEFF4796}"
EndProject
Project("{FAE04EC0-301F-11D3-BF4B-00C04F79EFBC}") = "Mud.Tests.Engine.Default.Desktop", "Tests\Engine\Mud.Tests.Engine.Default.Desktop\Mud.Tests.Engine.Default.Desktop.csproj", "{B792147A-4B0C-4D57-A18E-623EE79DA575}"
EndProject
Global
	GlobalSection(SharedMSBuildProjectFiles) = preSolution
		Apps\Mud.Apps.Universal\Mud.Apps.Universal.Shared\Mud.Apps.Universal.Shared.projitems*{91b002c3-4da5-4977-8635-488ffd2ccf3a}*SharedItemsImports = 13
		Apps\Mud.Apps.Universal\Mud.Apps.Universal.Shared\Mud.Apps.Universal.Shared.projitems*{3b5a796d-87b2-40a6-abf6-0f0bcb0b770c}*SharedItemsImports = 4
		Apps\Mud.Apps.Universal\Mud.Apps.Universal.Shared\Mud.Apps.Universal.Shared.projitems*{f88c8ce0-782a-4838-a239-3577aa302ca1}*SharedItemsImports = 4
	EndGlobalSection
	GlobalSection(TeamFoundationVersionControl) = preSolution
		SccNumberOfProjects = 18
		SccEnterpriseProvider = {4CA58AB2-18FA-4F8D-95D4-32DDF27D184C}
		SccTeamFoundationServer = https://tfs.codeplex.com/tfs/tfs03
		SccLocalPath0 = .
		SccProjectUniqueName1 = Apps\\Mud.Apps.Universal\\Mud.Apps.Universal.Shared\\Mud.Apps.Universal.Shared.shproj
		SccProjectTopLevelParentUniqueName1 = MudEngine.sln
		SccProjectName1 = Apps/Mud.Apps.Universal/Mud.Apps.Universal.Shared
		SccLocalPath1 = Apps\\Mud.Apps.Universal\\Mud.Apps.Universal.Shared
		SccProjectUniqueName2 = Apps\\Mud.Apps.Universal\\Mud.Apps.Universal.Shared\\Mud.Apps.Universal.Shared.projitems
		SccProjectTopLevelParentUniqueName2 = MudEngine.sln
		SccProjectName2 = Apps/Mud.Apps.Universal/Mud.Apps.Universal.Shared
		SccLocalPath2 = Apps\\Mud.Apps.Universal\\Mud.Apps.Universal.Shared
		SccProjectUniqueName3 = Apps\\Mud.Apps.Universal\\Mud.Apps.Universal.Windows\\Mud.Apps.Universal.Windows.csproj
		SccProjectTopLevelParentUniqueName3 = MudEngine.sln
		SccProjectName3 = Apps/Mud.Apps.Universal/Mud.Apps.Universal.Windows
		SccLocalPath3 = Apps\\Mud.Apps.Universal\\Mud.Apps.Universal.Windows
		SccProjectUniqueName4 = Apps\\Mud.Apps.Universal\\Mud.Apps.Universal.WindowsPhone\\Mud.Apps.Universal.WindowsPhone.csproj
		SccProjectTopLevelParentUniqueName4 = MudEngine.sln
		SccProjectName4 = Apps/Mud.Apps.Universal/Mud.Apps.Universal.WindowsPhone
		SccLocalPath4 = Apps\\Mud.Apps.Universal\\Mud.Apps.Universal.WindowsPhone
		SccProjectUniqueName5 = Repositories\\Mud.Repositories.Shared\\Mud.Repositories.Shared.csproj
		SccProjectTopLevelParentUniqueName5 = MudEngine.sln
		SccProjectName5 = Repositories/Mud.Repositories.Shared
		SccLocalPath5 = Repositories\\Mud.Repositories.Shared
		SccProjectUniqueName6 = Engine\\Mud.Engine.Networking.Portable\\Mud.Engine.Networking.Portable.csproj
		SccProjectTopLevelParentUniqueName6 = MudEngine.sln
		SccProjectName6 = Engine/Mud.Engine.Networking.Portable
		SccLocalPath6 = Engine\\Mud.Engine.Networking.Portable
		SccProjectUniqueName7 = Apps\\Mud.Apps.Windows\\Mud.Apps.Windows.Desktop\\Mud.Apps.Windows.Desktop.csproj
		SccProjectTopLevelParentUniqueName7 = MudEngine.sln
		SccProjectName7 = Apps/Mud.Apps.Windows/Mud.Apps.Windows.Desktop
		SccLocalPath7 = Apps\\Mud.Apps.Windows\\Mud.Apps.Windows.Desktop
		SccProjectUniqueName8 = Apps\\Mud.Apps.Windows\\Mud.Apps.Windows.Infrastructure\\Mud.Apps.Windows.Infrastructure.csproj
		SccProjectTopLevelParentUniqueName8 = MudEngine.sln
		SccProjectName8 = Apps/Mud.Apps.Windows/Mud.Apps.Windows.Infrastructure
		SccLocalPath8 = Apps\\Mud.Apps.Windows\\Mud.Apps.Windows.Infrastructure
		SccProjectUniqueName9 = Apps\\Mud.Apps.Windows\\Mud.Apps.Windows.Modules\\ProjectPropertiesModule\\ProjectPropertiesModule.csproj
		SccProjectTopLevelParentUniqueName9 = MudEngine.sln
		SccProjectName9 = Apps/Mud.Apps.Windows/Mud.Apps.Windows.Modules/ProjectPropertiesModule
		SccLocalPath9 = Apps\\Mud.Apps.Windows\\Mud.Apps.Windows.Modules\\ProjectPropertiesModule
		SccProjectUniqueName10 = Apps\\Mud.Apps.Windows\\Mud.Apps.Windows.Modules\\Mud.Apps.Windows.Modules.ProjectManagerModule\\Mud.Apps.Windows.Modules.ProjectManagerModule.csproj
		SccProjectTopLevelParentUniqueName10 = MudEngine.sln
		SccProjectName10 = Apps/Mud.Apps.Windows/Mud.Apps.Windows.Modules/Mud.Apps.Windows.Modules.ProjectManagerModule
		SccLocalPath10 = Apps\\Mud.Apps.Windows\\Mud.Apps.Windows.Modules\\Mud.Apps.Windows.Modules.ProjectManagerModule
		SccProjectUniqueName11 = Services\\Mud.Services.ParseDesktop\\Mud.Services.ParseDesktop.csproj
		SccProjectTopLevelParentUniqueName11 = MudEngine.sln
		SccProjectName11 = Services/Mud.Services.ParseDesktop
		SccLocalPath11 = Services\\Mud.Services.ParseDesktop
		SccProjectUniqueName12 = Engine\\Mud.Engine.Default.Desktop\\Mud.Engine.Default.Desktop.csproj
		SccProjectTopLevelParentUniqueName12 = MudEngine.sln
		SccProjectName12 = Engine/Mud.Engine.Default.Desktop
		SccLocalPath12 = Engine\\Mud.Engine.Default.Desktop
		SccProjectUniqueName13 = Engine\\Mud.Engine.Core\\Mud.Engine.Core.csproj
		SccProjectTopLevelParentUniqueName13 = MudEngine.sln
		SccProjectName13 = Engine/Mud.Engine.Core
		SccLocalPath13 = Engine\\Mud.Engine.Core
		SccProjectUniqueName14 = Tests\\Engine\\Mud.Tests.Engine.Core\\Mud.Tests.Engine.Core.csproj
		SccProjectTopLevelParentUniqueName14 = MudEngine.sln
		SccProjectName14 = Tests/Engine/Mud.Tests.Engine.Core
		SccLocalPath14 = Tests\\Engine\\Mud.Tests.Engine.Core
		SccProjectUniqueName15 = Apps\\Mud.Apps.Windows\\Mud.Apps.Windows.Server\\Mud.Apps.Windows.Server.csproj
		SccProjectTopLevelParentUniqueName15 = MudEngine.sln
		SccProjectName15 = Apps/Mud.Apps.Windows/Mud.Apps.Windows.Server
		SccLocalPath15 = Apps\\Mud.Apps.Windows\\Mud.Apps.Windows.Server
		SccProjectUniqueName16 = Apps\\Mud.Apps.Windows\\Mud.Apps.Windows.Shared\\Mud.Apps.Windows.Shared.csproj
		SccProjectTopLevelParentUniqueName16 = MudEngine.sln
		SccProjectName16 = Apps/Mud.Apps.Windows/Mud.Apps.Windows.Shared
		SccLocalPath16 = Apps\\Mud.Apps.Windows\\Mud.Apps.Windows.Shared
		SccProjectUniqueName17 = Tests\\Engine\\Mud.Tests.Engine.Default.Desktop\\Mud.Tests.Engine.Default.Desktop.csproj
		SccProjectTopLevelParentUniqueName17 = MudEngine.sln
		SccProjectName17 = Tests/Engine/Mud.Tests.Engine.Default.Desktop
		SccLocalPath17 = Tests\\Engine\\Mud.Tests.Engine.Default.Desktop
	EndGlobalSection
	GlobalSection(SolutionConfigurationPlatforms) = preSolution
		Debug|Any CPU = Debug|Any CPU
		Debug|ARM = Debug|ARM
		Debug|Mixed Platforms = Debug|Mixed Platforms
		Debug|x64 = Debug|x64
		Debug|x86 = Debug|x86
		Release|Any CPU = Release|Any CPU
		Release|ARM = Release|ARM
		Release|Mixed Platforms = Release|Mixed Platforms
		Release|x64 = Release|x64
		Release|x86 = Release|x86
	EndGlobalSection
	GlobalSection(ProjectConfigurationPlatforms) = postSolution
		{3B5A796D-87B2-40A6-ABF6-0F0BCB0B770C}.Debug|Any CPU.ActiveCfg = Debug|Any CPU
		{3B5A796D-87B2-40A6-ABF6-0F0BCB0B770C}.Debug|Any CPU.Build.0 = Debug|Any CPU
		{3B5A796D-87B2-40A6-ABF6-0F0BCB0B770C}.Debug|Any CPU.Deploy.0 = Debug|Any CPU
		{3B5A796D-87B2-40A6-ABF6-0F0BCB0B770C}.Debug|ARM.ActiveCfg = Debug|ARM
		{3B5A796D-87B2-40A6-ABF6-0F0BCB0B770C}.Debug|ARM.Build.0 = Debug|ARM
		{3B5A796D-87B2-40A6-ABF6-0F0BCB0B770C}.Debug|ARM.Deploy.0 = Debug|ARM
		{3B5A796D-87B2-40A6-ABF6-0F0BCB0B770C}.Debug|Mixed Platforms.ActiveCfg = Debug|x86
		{3B5A796D-87B2-40A6-ABF6-0F0BCB0B770C}.Debug|Mixed Platforms.Build.0 = Debug|x86
		{3B5A796D-87B2-40A6-ABF6-0F0BCB0B770C}.Debug|Mixed Platforms.Deploy.0 = Debug|x86
		{3B5A796D-87B2-40A6-ABF6-0F0BCB0B770C}.Debug|x64.ActiveCfg = Debug|x64
		{3B5A796D-87B2-40A6-ABF6-0F0BCB0B770C}.Debug|x64.Build.0 = Debug|x64
		{3B5A796D-87B2-40A6-ABF6-0F0BCB0B770C}.Debug|x64.Deploy.0 = Debug|x64
		{3B5A796D-87B2-40A6-ABF6-0F0BCB0B770C}.Debug|x86.ActiveCfg = Debug|x86
		{3B5A796D-87B2-40A6-ABF6-0F0BCB0B770C}.Debug|x86.Build.0 = Debug|x86
		{3B5A796D-87B2-40A6-ABF6-0F0BCB0B770C}.Debug|x86.Deploy.0 = Debug|x86
		{3B5A796D-87B2-40A6-ABF6-0F0BCB0B770C}.Release|Any CPU.ActiveCfg = Release|Any CPU
		{3B5A796D-87B2-40A6-ABF6-0F0BCB0B770C}.Release|Any CPU.Build.0 = Release|Any CPU
		{3B5A796D-87B2-40A6-ABF6-0F0BCB0B770C}.Release|Any CPU.Deploy.0 = Release|Any CPU
		{3B5A796D-87B2-40A6-ABF6-0F0BCB0B770C}.Release|ARM.ActiveCfg = Release|ARM
		{3B5A796D-87B2-40A6-ABF6-0F0BCB0B770C}.Release|ARM.Build.0 = Release|ARM
		{3B5A796D-87B2-40A6-ABF6-0F0BCB0B770C}.Release|ARM.Deploy.0 = Release|ARM
		{3B5A796D-87B2-40A6-ABF6-0F0BCB0B770C}.Release|Mixed Platforms.ActiveCfg = Release|x86
		{3B5A796D-87B2-40A6-ABF6-0F0BCB0B770C}.Release|Mixed Platforms.Build.0 = Release|x86
		{3B5A796D-87B2-40A6-ABF6-0F0BCB0B770C}.Release|Mixed Platforms.Deploy.0 = Release|x86
		{3B5A796D-87B2-40A6-ABF6-0F0BCB0B770C}.Release|x64.ActiveCfg = Release|x64
		{3B5A796D-87B2-40A6-ABF6-0F0BCB0B770C}.Release|x64.Build.0 = Release|x64
		{3B5A796D-87B2-40A6-ABF6-0F0BCB0B770C}.Release|x64.Deploy.0 = Release|x64
		{3B5A796D-87B2-40A6-ABF6-0F0BCB0B770C}.Release|x86.ActiveCfg = Release|x86
		{3B5A796D-87B2-40A6-ABF6-0F0BCB0B770C}.Release|x86.Build.0 = Release|x86
		{3B5A796D-87B2-40A6-ABF6-0F0BCB0B770C}.Release|x86.Deploy.0 = Release|x86
		{F88C8CE0-782A-4838-A239-3577AA302CA1}.Debug|Any CPU.ActiveCfg = Debug|Any CPU
		{F88C8CE0-782A-4838-A239-3577AA302CA1}.Debug|Any CPU.Build.0 = Debug|Any CPU
		{F88C8CE0-782A-4838-A239-3577AA302CA1}.Debug|Any CPU.Deploy.0 = Debug|Any CPU
		{F88C8CE0-782A-4838-A239-3577AA302CA1}.Debug|ARM.ActiveCfg = Debug|ARM
		{F88C8CE0-782A-4838-A239-3577AA302CA1}.Debug|ARM.Build.0 = Debug|ARM
		{F88C8CE0-782A-4838-A239-3577AA302CA1}.Debug|ARM.Deploy.0 = Debug|ARM
		{F88C8CE0-782A-4838-A239-3577AA302CA1}.Debug|Mixed Platforms.ActiveCfg = Debug|x86
		{F88C8CE0-782A-4838-A239-3577AA302CA1}.Debug|Mixed Platforms.Build.0 = Debug|x86
		{F88C8CE0-782A-4838-A239-3577AA302CA1}.Debug|Mixed Platforms.Deploy.0 = Debug|x86
		{F88C8CE0-782A-4838-A239-3577AA302CA1}.Debug|x64.ActiveCfg = Debug|Any CPU
		{F88C8CE0-782A-4838-A239-3577AA302CA1}.Debug|x86.ActiveCfg = Debug|x86
		{F88C8CE0-782A-4838-A239-3577AA302CA1}.Debug|x86.Build.0 = Debug|x86
		{F88C8CE0-782A-4838-A239-3577AA302CA1}.Debug|x86.Deploy.0 = Debug|x86
		{F88C8CE0-782A-4838-A239-3577AA302CA1}.Release|Any CPU.ActiveCfg = Release|Any CPU
		{F88C8CE0-782A-4838-A239-3577AA302CA1}.Release|Any CPU.Build.0 = Release|Any CPU
		{F88C8CE0-782A-4838-A239-3577AA302CA1}.Release|Any CPU.Deploy.0 = Release|Any CPU
		{F88C8CE0-782A-4838-A239-3577AA302CA1}.Release|ARM.ActiveCfg = Release|ARM
		{F88C8CE0-782A-4838-A239-3577AA302CA1}.Release|ARM.Build.0 = Release|ARM
		{F88C8CE0-782A-4838-A239-3577AA302CA1}.Release|ARM.Deploy.0 = Release|ARM
		{F88C8CE0-782A-4838-A239-3577AA302CA1}.Release|Mixed Platforms.ActiveCfg = Release|x86
		{F88C8CE0-782A-4838-A239-3577AA302CA1}.Release|Mixed Platforms.Build.0 = Release|x86
		{F88C8CE0-782A-4838-A239-3577AA302CA1}.Release|Mixed Platforms.Deploy.0 = Release|x86
		{F88C8CE0-782A-4838-A239-3577AA302CA1}.Release|x64.ActiveCfg = Release|Any CPU
		{F88C8CE0-782A-4838-A239-3577AA302CA1}.Release|x86.ActiveCfg = Release|x86
		{F88C8CE0-782A-4838-A239-3577AA302CA1}.Release|x86.Build.0 = Release|x86
		{F88C8CE0-782A-4838-A239-3577AA302CA1}.Release|x86.Deploy.0 = Release|x86
		{1E50F1A9-B51A-4084-9293-0DBA1A14C92C}.Debug|Any CPU.ActiveCfg = Debug|Any CPU
		{1E50F1A9-B51A-4084-9293-0DBA1A14C92C}.Debug|Any CPU.Build.0 = Debug|Any CPU
		{1E50F1A9-B51A-4084-9293-0DBA1A14C92C}.Debug|ARM.ActiveCfg = Debug|Any CPU
		{1E50F1A9-B51A-4084-9293-0DBA1A14C92C}.Debug|Mixed Platforms.ActiveCfg = Debug|Any CPU
		{1E50F1A9-B51A-4084-9293-0DBA1A14C92C}.Debug|Mixed Platforms.Build.0 = Debug|Any CPU
		{1E50F1A9-B51A-4084-9293-0DBA1A14C92C}.Debug|x64.ActiveCfg = Debug|Any CPU
		{1E50F1A9-B51A-4084-9293-0DBA1A14C92C}.Debug|x86.ActiveCfg = Debug|Any CPU
		{1E50F1A9-B51A-4084-9293-0DBA1A14C92C}.Release|Any CPU.ActiveCfg = Release|Any CPU
		{1E50F1A9-B51A-4084-9293-0DBA1A14C92C}.Release|Any CPU.Build.0 = Release|Any CPU
		{1E50F1A9-B51A-4084-9293-0DBA1A14C92C}.Release|ARM.ActiveCfg = Release|Any CPU
		{1E50F1A9-B51A-4084-9293-0DBA1A14C92C}.Release|Mixed Platforms.ActiveCfg = Release|Any CPU
		{1E50F1A9-B51A-4084-9293-0DBA1A14C92C}.Release|Mixed Platforms.Build.0 = Release|Any CPU
		{1E50F1A9-B51A-4084-9293-0DBA1A14C92C}.Release|x64.ActiveCfg = Release|Any CPU
		{1E50F1A9-B51A-4084-9293-0DBA1A14C92C}.Release|x86.ActiveCfg = Release|Any CPU
		{9AAA3563-0089-4C5B-A12C-D1B47E9DDF66}.Debug|Any CPU.ActiveCfg = Debug|Any CPU
		{9AAA3563-0089-4C5B-A12C-D1B47E9DDF66}.Debug|Any CPU.Build.0 = Debug|Any CPU
		{9AAA3563-0089-4C5B-A12C-D1B47E9DDF66}.Debug|ARM.ActiveCfg = Debug|Any CPU
		{9AAA3563-0089-4C5B-A12C-D1B47E9DDF66}.Debug|Mixed Platforms.ActiveCfg = Debug|Any CPU
		{9AAA3563-0089-4C5B-A12C-D1B47E9DDF66}.Debug|Mixed Platforms.Build.0 = Debug|Any CPU
		{9AAA3563-0089-4C5B-A12C-D1B47E9DDF66}.Debug|x64.ActiveCfg = Debug|Any CPU
		{9AAA3563-0089-4C5B-A12C-D1B47E9DDF66}.Debug|x86.ActiveCfg = Debug|Any CPU
		{9AAA3563-0089-4C5B-A12C-D1B47E9DDF66}.Release|Any CPU.ActiveCfg = Release|Any CPU
		{9AAA3563-0089-4C5B-A12C-D1B47E9DDF66}.Release|Any CPU.Build.0 = Release|Any CPU
		{9AAA3563-0089-4C5B-A12C-D1B47E9DDF66}.Release|ARM.ActiveCfg = Release|Any CPU
		{9AAA3563-0089-4C5B-A12C-D1B47E9DDF66}.Release|Mixed Platforms.ActiveCfg = Release|Any CPU
		{9AAA3563-0089-4C5B-A12C-D1B47E9DDF66}.Release|Mixed Platforms.Build.0 = Release|Any CPU
		{9AAA3563-0089-4C5B-A12C-D1B47E9DDF66}.Release|x64.ActiveCfg = Release|Any CPU
		{9AAA3563-0089-4C5B-A12C-D1B47E9DDF66}.Release|x86.ActiveCfg = Release|Any CPU
		{2BCED8BE-06F8-4042-B4AF-D1CEAC754B5E}.Debug|Any CPU.ActiveCfg = Debug|Any CPU
		{2BCED8BE-06F8-4042-B4AF-D1CEAC754B5E}.Debug|Any CPU.Build.0 = Debug|Any CPU
		{2BCED8BE-06F8-4042-B4AF-D1CEAC754B5E}.Debug|ARM.ActiveCfg = Debug|Any CPU
		{2BCED8BE-06F8-4042-B4AF-D1CEAC754B5E}.Debug|Mixed Platforms.ActiveCfg = Debug|Any CPU
		{2BCED8BE-06F8-4042-B4AF-D1CEAC754B5E}.Debug|Mixed Platforms.Build.0 = Debug|Any CPU
		{2BCED8BE-06F8-4042-B4AF-D1CEAC754B5E}.Debug|x64.ActiveCfg = Debug|Any CPU
		{2BCED8BE-06F8-4042-B4AF-D1CEAC754B5E}.Debug|x86.ActiveCfg = Debug|Any CPU
		{2BCED8BE-06F8-4042-B4AF-D1CEAC754B5E}.Release|Any CPU.ActiveCfg = Release|Any CPU
		{2BCED8BE-06F8-4042-B4AF-D1CEAC754B5E}.Release|Any CPU.Build.0 = Release|Any CPU
		{2BCED8BE-06F8-4042-B4AF-D1CEAC754B5E}.Release|ARM.ActiveCfg = Release|Any CPU
		{2BCED8BE-06F8-4042-B4AF-D1CEAC754B5E}.Release|Mixed Platforms.ActiveCfg = Release|Any CPU
		{2BCED8BE-06F8-4042-B4AF-D1CEAC754B5E}.Release|Mixed Platforms.Build.0 = Release|Any CPU
		{2BCED8BE-06F8-4042-B4AF-D1CEAC754B5E}.Release|x64.ActiveCfg = Release|Any CPU
		{2BCED8BE-06F8-4042-B4AF-D1CEAC754B5E}.Release|x86.ActiveCfg = Release|Any CPU
		{13C2A63C-E51C-458E-9F95-BDD29D901A31}.Debug|Any CPU.ActiveCfg = Debug|Any CPU
		{13C2A63C-E51C-458E-9F95-BDD29D901A31}.Debug|Any CPU.Build.0 = Debug|Any CPU
		{13C2A63C-E51C-458E-9F95-BDD29D901A31}.Debug|ARM.ActiveCfg = Debug|Any CPU
		{13C2A63C-E51C-458E-9F95-BDD29D901A31}.Debug|Mixed Platforms.ActiveCfg = Debug|Any CPU
		{13C2A63C-E51C-458E-9F95-BDD29D901A31}.Debug|Mixed Platforms.Build.0 = Debug|Any CPU
		{13C2A63C-E51C-458E-9F95-BDD29D901A31}.Debug|x64.ActiveCfg = Debug|Any CPU
		{13C2A63C-E51C-458E-9F95-BDD29D901A31}.Debug|x86.ActiveCfg = Debug|Any CPU
		{13C2A63C-E51C-458E-9F95-BDD29D901A31}.Release|Any CPU.ActiveCfg = Release|Any CPU
		{13C2A63C-E51C-458E-9F95-BDD29D901A31}.Release|Any CPU.Build.0 = Release|Any CPU
		{13C2A63C-E51C-458E-9F95-BDD29D901A31}.Release|ARM.ActiveCfg = Release|Any CPU
		{13C2A63C-E51C-458E-9F95-BDD29D901A31}.Release|Mixed Platforms.ActiveCfg = Release|Any CPU
		{13C2A63C-E51C-458E-9F95-BDD29D901A31}.Release|Mixed Platforms.Build.0 = Release|Any CPU
		{13C2A63C-E51C-458E-9F95-BDD29D901A31}.Release|x64.ActiveCfg = Release|Any CPU
		{13C2A63C-E51C-458E-9F95-BDD29D901A31}.Release|x86.ActiveCfg = Release|Any CPU
		{854E29B7-5AAD-4A0C-A226-936693155605}.Debug|Any CPU.ActiveCfg = Debug|Any CPU
		{854E29B7-5AAD-4A0C-A226-936693155605}.Debug|Any CPU.Build.0 = Debug|Any CPU
		{854E29B7-5AAD-4A0C-A226-936693155605}.Debug|ARM.ActiveCfg = Debug|Any CPU
		{854E29B7-5AAD-4A0C-A226-936693155605}.Debug|Mixed Platforms.ActiveCfg = Debug|Any CPU
		{854E29B7-5AAD-4A0C-A226-936693155605}.Debug|Mixed Platforms.Build.0 = Debug|Any CPU
		{854E29B7-5AAD-4A0C-A226-936693155605}.Debug|x64.ActiveCfg = Debug|Any CPU
		{854E29B7-5AAD-4A0C-A226-936693155605}.Debug|x86.ActiveCfg = Debug|Any CPU
		{854E29B7-5AAD-4A0C-A226-936693155605}.Release|Any CPU.ActiveCfg = Release|Any CPU
		{854E29B7-5AAD-4A0C-A226-936693155605}.Release|Any CPU.Build.0 = Release|Any CPU
		{854E29B7-5AAD-4A0C-A226-936693155605}.Release|ARM.ActiveCfg = Release|Any CPU
		{854E29B7-5AAD-4A0C-A226-936693155605}.Release|Mixed Platforms.ActiveCfg = Release|Any CPU
		{854E29B7-5AAD-4A0C-A226-936693155605}.Release|Mixed Platforms.Build.0 = Release|Any CPU
		{854E29B7-5AAD-4A0C-A226-936693155605}.Release|x64.ActiveCfg = Release|Any CPU
		{854E29B7-5AAD-4A0C-A226-936693155605}.Release|x86.ActiveCfg = Release|Any CPU
		{2158886E-73A6-448B-BC2C-DE1E8D9B2017}.Debug|Any CPU.ActiveCfg = Debug|Any CPU
		{2158886E-73A6-448B-BC2C-DE1E8D9B2017}.Debug|Any CPU.Build.0 = Debug|Any CPU
		{2158886E-73A6-448B-BC2C-DE1E8D9B2017}.Debug|ARM.ActiveCfg = Debug|Any CPU
		{2158886E-73A6-448B-BC2C-DE1E8D9B2017}.Debug|Mixed Platforms.ActiveCfg = Debug|Any CPU
		{2158886E-73A6-448B-BC2C-DE1E8D9B2017}.Debug|Mixed Platforms.Build.0 = Debug|Any CPU
		{2158886E-73A6-448B-BC2C-DE1E8D9B2017}.Debug|x64.ActiveCfg = Debug|Any CPU
		{2158886E-73A6-448B-BC2C-DE1E8D9B2017}.Debug|x86.ActiveCfg = Debug|Any CPU
		{2158886E-73A6-448B-BC2C-DE1E8D9B2017}.Release|Any CPU.ActiveCfg = Release|Any CPU
		{2158886E-73A6-448B-BC2C-DE1E8D9B2017}.Release|Any CPU.Build.0 = Release|Any CPU
		{2158886E-73A6-448B-BC2C-DE1E8D9B2017}.Release|ARM.ActiveCfg = Release|Any CPU
		{2158886E-73A6-448B-BC2C-DE1E8D9B2017}.Release|Mixed Platforms.ActiveCfg = Release|Any CPU
		{2158886E-73A6-448B-BC2C-DE1E8D9B2017}.Release|Mixed Platforms.Build.0 = Release|Any CPU
		{2158886E-73A6-448B-BC2C-DE1E8D9B2017}.Release|x64.ActiveCfg = Release|Any CPU
		{2158886E-73A6-448B-BC2C-DE1E8D9B2017}.Release|x86.ActiveCfg = Release|Any CPU
		{904BD3D0-E83B-410C-93F7-B97FA29ABC68}.Debug|Any CPU.ActiveCfg = Debug|Any CPU
		{904BD3D0-E83B-410C-93F7-B97FA29ABC68}.Debug|Any CPU.Build.0 = Debug|Any CPU
		{904BD3D0-E83B-410C-93F7-B97FA29ABC68}.Debug|ARM.ActiveCfg = Debug|Any CPU
		{904BD3D0-E83B-410C-93F7-B97FA29ABC68}.Debug|Mixed Platforms.ActiveCfg = Debug|Any CPU
		{904BD3D0-E83B-410C-93F7-B97FA29ABC68}.Debug|Mixed Platforms.Build.0 = Debug|Any CPU
		{904BD3D0-E83B-410C-93F7-B97FA29ABC68}.Debug|x64.ActiveCfg = Debug|Any CPU
		{904BD3D0-E83B-410C-93F7-B97FA29ABC68}.Debug|x86.ActiveCfg = Debug|Any CPU
		{904BD3D0-E83B-410C-93F7-B97FA29ABC68}.Release|Any CPU.ActiveCfg = Release|Any CPU
		{904BD3D0-E83B-410C-93F7-B97FA29ABC68}.Release|Any CPU.Build.0 = Release|Any CPU
		{904BD3D0-E83B-410C-93F7-B97FA29ABC68}.Release|ARM.ActiveCfg = Release|Any CPU
		{904BD3D0-E83B-410C-93F7-B97FA29ABC68}.Release|Mixed Platforms.ActiveCfg = Release|Any CPU
		{904BD3D0-E83B-410C-93F7-B97FA29ABC68}.Release|Mixed Platforms.Build.0 = Release|Any CPU
		{904BD3D0-E83B-410C-93F7-B97FA29ABC68}.Release|x64.ActiveCfg = Release|Any CPU
		{904BD3D0-E83B-410C-93F7-B97FA29ABC68}.Release|x86.ActiveCfg = Release|Any CPU
		{EFCD4F40-A2CB-440B-A1C1-BAD78B784471}.Debug|Any CPU.ActiveCfg = Debug|Any CPU
		{EFCD4F40-A2CB-440B-A1C1-BAD78B784471}.Debug|Any CPU.Build.0 = Debug|Any CPU
		{EFCD4F40-A2CB-440B-A1C1-BAD78B784471}.Debug|ARM.ActiveCfg = Debug|Any CPU
		{EFCD4F40-A2CB-440B-A1C1-BAD78B784471}.Debug|Mixed Platforms.ActiveCfg = Debug|Any CPU
		{EFCD4F40-A2CB-440B-A1C1-BAD78B784471}.Debug|Mixed Platforms.Build.0 = Debug|Any CPU
		{EFCD4F40-A2CB-440B-A1C1-BAD78B784471}.Debug|x64.ActiveCfg = Debug|Any CPU
		{EFCD4F40-A2CB-440B-A1C1-BAD78B784471}.Debug|x86.ActiveCfg = Debug|Any CPU
		{EFCD4F40-A2CB-440B-A1C1-BAD78B784471}.Release|Any CPU.ActiveCfg = Release|Any CPU
		{EFCD4F40-A2CB-440B-A1C1-BAD78B784471}.Release|Any CPU.Build.0 = Release|Any CPU
		{EFCD4F40-A2CB-440B-A1C1-BAD78B784471}.Release|ARM.ActiveCfg = Release|Any CPU
		{EFCD4F40-A2CB-440B-A1C1-BAD78B784471}.Release|Mixed Platforms.ActiveCfg = Release|Any CPU
		{EFCD4F40-A2CB-440B-A1C1-BAD78B784471}.Release|Mixed Platforms.Build.0 = Release|Any CPU
		{EFCD4F40-A2CB-440B-A1C1-BAD78B784471}.Release|x64.ActiveCfg = Release|Any CPU
		{EFCD4F40-A2CB-440B-A1C1-BAD78B784471}.Release|x86.ActiveCfg = Release|Any CPU
		{F27C159B-6412-46DC-8239-F0841C6801DC}.Debug|Any CPU.ActiveCfg = Debug|Any CPU
		{F27C159B-6412-46DC-8239-F0841C6801DC}.Debug|Any CPU.Build.0 = Debug|Any CPU
		{F27C159B-6412-46DC-8239-F0841C6801DC}.Debug|ARM.ActiveCfg = Debug|Any CPU
		{F27C159B-6412-46DC-8239-F0841C6801DC}.Debug|Mixed Platforms.ActiveCfg = Debug|Any CPU
		{F27C159B-6412-46DC-8239-F0841C6801DC}.Debug|Mixed Platforms.Build.0 = Debug|Any CPU
		{F27C159B-6412-46DC-8239-F0841C6801DC}.Debug|x64.ActiveCfg = Debug|Any CPU
		{F27C159B-6412-46DC-8239-F0841C6801DC}.Debug|x86.ActiveCfg = Debug|Any CPU
		{F27C159B-6412-46DC-8239-F0841C6801DC}.Release|Any CPU.ActiveCfg = Release|Any CPU
		{F27C159B-6412-46DC-8239-F0841C6801DC}.Release|Any CPU.Build.0 = Release|Any CPU
		{F27C159B-6412-46DC-8239-F0841C6801DC}.Release|ARM.ActiveCfg = Release|Any CPU
		{F27C159B-6412-46DC-8239-F0841C6801DC}.Release|Mixed Platforms.ActiveCfg = Release|Any CPU
		{F27C159B-6412-46DC-8239-F0841C6801DC}.Release|Mixed Platforms.Build.0 = Release|Any CPU
		{F27C159B-6412-46DC-8239-F0841C6801DC}.Release|x64.ActiveCfg = Release|Any CPU
		{F27C159B-6412-46DC-8239-F0841C6801DC}.Release|x86.ActiveCfg = Release|Any CPU
		{56A25D24-238D-4A5F-BFAB-0FEB31637B4F}.Debug|Any CPU.ActiveCfg = Debug|Any CPU
		{56A25D24-238D-4A5F-BFAB-0FEB31637B4F}.Debug|Any CPU.Build.0 = Debug|Any CPU
		{56A25D24-238D-4A5F-BFAB-0FEB31637B4F}.Debug|ARM.ActiveCfg = Debug|Any CPU
		{56A25D24-238D-4A5F-BFAB-0FEB31637B4F}.Debug|Mixed Platforms.ActiveCfg = Debug|Any CPU
		{56A25D24-238D-4A5F-BFAB-0FEB31637B4F}.Debug|Mixed Platforms.Build.0 = Debug|Any CPU
		{56A25D24-238D-4A5F-BFAB-0FEB31637B4F}.Debug|x64.ActiveCfg = Debug|Any CPU
		{56A25D24-238D-4A5F-BFAB-0FEB31637B4F}.Debug|x86.ActiveCfg = Debug|Any CPU
		{56A25D24-238D-4A5F-BFAB-0FEB31637B4F}.Release|Any CPU.ActiveCfg = Release|Any CPU
		{56A25D24-238D-4A5F-BFAB-0FEB31637B4F}.Release|Any CPU.Build.0 = Release|Any CPU
		{56A25D24-238D-4A5F-BFAB-0FEB31637B4F}.Release|ARM.ActiveCfg = Release|Any CPU
		{56A25D24-238D-4A5F-BFAB-0FEB31637B4F}.Release|Mixed Platforms.ActiveCfg = Release|Any CPU
		{56A25D24-238D-4A5F-BFAB-0FEB31637B4F}.Release|Mixed Platforms.Build.0 = Release|Any CPU
		{56A25D24-238D-4A5F-BFAB-0FEB31637B4F}.Release|x64.ActiveCfg = Release|Any CPU
		{56A25D24-238D-4A5F-BFAB-0FEB31637B4F}.Release|x86.ActiveCfg = Release|Any CPU
		{B0DD6155-8DB6-46AE-ADC2-C8A002C2AEAA}.Debug|Any CPU.ActiveCfg = Debug|Any CPU
		{B0DD6155-8DB6-46AE-ADC2-C8A002C2AEAA}.Debug|Any CPU.Build.0 = Debug|Any CPU
		{B0DD6155-8DB6-46AE-ADC2-C8A002C2AEAA}.Debug|ARM.ActiveCfg = Debug|Any CPU
		{B0DD6155-8DB6-46AE-ADC2-C8A002C2AEAA}.Debug|Mixed Platforms.ActiveCfg = Debug|Any CPU
		{B0DD6155-8DB6-46AE-ADC2-C8A002C2AEAA}.Debug|Mixed Platforms.Build.0 = Debug|Any CPU
		{B0DD6155-8DB6-46AE-ADC2-C8A002C2AEAA}.Debug|x64.ActiveCfg = Debug|Any CPU
		{B0DD6155-8DB6-46AE-ADC2-C8A002C2AEAA}.Debug|x86.ActiveCfg = Debug|Any CPU
		{B0DD6155-8DB6-46AE-ADC2-C8A002C2AEAA}.Release|Any CPU.ActiveCfg = Release|Any CPU
		{B0DD6155-8DB6-46AE-ADC2-C8A002C2AEAA}.Release|Any CPU.Build.0 = Release|Any CPU
		{B0DD6155-8DB6-46AE-ADC2-C8A002C2AEAA}.Release|ARM.ActiveCfg = Release|Any CPU
		{B0DD6155-8DB6-46AE-ADC2-C8A002C2AEAA}.Release|Mixed Platforms.ActiveCfg = Release|Any CPU
		{B0DD6155-8DB6-46AE-ADC2-C8A002C2AEAA}.Release|Mixed Platforms.Build.0 = Release|Any CPU
		{B0DD6155-8DB6-46AE-ADC2-C8A002C2AEAA}.Release|x64.ActiveCfg = Release|Any CPU
		{B0DD6155-8DB6-46AE-ADC2-C8A002C2AEAA}.Release|x86.ActiveCfg = Release|Any CPU
		{F0CCAC7F-FFB3-4681-981C-FD98BEFF4796}.Debug|Any CPU.ActiveCfg = Debug|Any CPU
		{F0CCAC7F-FFB3-4681-981C-FD98BEFF4796}.Debug|Any CPU.Build.0 = Debug|Any CPU
		{F0CCAC7F-FFB3-4681-981C-FD98BEFF4796}.Debug|ARM.ActiveCfg = Debug|Any CPU
		{F0CCAC7F-FFB3-4681-981C-FD98BEFF4796}.Debug|Mixed Platforms.ActiveCfg = Debug|Any CPU
		{F0CCAC7F-FFB3-4681-981C-FD98BEFF4796}.Debug|Mixed Platforms.Build.0 = Debug|Any CPU
		{F0CCAC7F-FFB3-4681-981C-FD98BEFF4796}.Debug|x64.ActiveCfg = Debug|Any CPU
		{F0CCAC7F-FFB3-4681-981C-FD98BEFF4796}.Debug|x86.ActiveCfg = Debug|Any CPU
		{F0CCAC7F-FFB3-4681-981C-FD98BEFF4796}.Release|Any CPU.ActiveCfg = Release|Any CPU
		{F0CCAC7F-FFB3-4681-981C-FD98BEFF4796}.Release|Any CPU.Build.0 = Release|Any CPU
		{F0CCAC7F-FFB3-4681-981C-FD98BEFF4796}.Release|ARM.ActiveCfg = Release|Any CPU
		{F0CCAC7F-FFB3-4681-981C-FD98BEFF4796}.Release|Mixed Platforms.ActiveCfg = Release|Any CPU
		{F0CCAC7F-FFB3-4681-981C-FD98BEFF4796}.Release|Mixed Platforms.Build.0 = Release|Any CPU
		{F0CCAC7F-FFB3-4681-981C-FD98BEFF4796}.Release|x64.ActiveCfg = Release|Any CPU
		{F0CCAC7F-FFB3-4681-981C-FD98BEFF4796}.Release|x86.ActiveCfg = Release|Any CPU
		{B792147A-4B0C-4D57-A18E-623EE79DA575}.Debug|Any CPU.ActiveCfg = Debug|Any CPU
		{B792147A-4B0C-4D57-A18E-623EE79DA575}.Debug|Any CPU.Build.0 = Debug|Any CPU
		{B792147A-4B0C-4D57-A18E-623EE79DA575}.Debug|ARM.ActiveCfg = Debug|Any CPU
		{B792147A-4B0C-4D57-A18E-623EE79DA575}.Debug|Mixed Platforms.ActiveCfg = Debug|Any CPU
		{B792147A-4B0C-4D57-A18E-623EE79DA575}.Debug|Mixed Platforms.Build.0 = Debug|Any CPU
		{B792147A-4B0C-4D57-A18E-623EE79DA575}.Debug|x64.ActiveCfg = Debug|Any CPU
		{B792147A-4B0C-4D57-A18E-623EE79DA575}.Debug|x86.ActiveCfg = Debug|Any CPU
		{B792147A-4B0C-4D57-A18E-623EE79DA575}.Release|Any CPU.ActiveCfg = Release|Any CPU
		{B792147A-4B0C-4D57-A18E-623EE79DA575}.Release|Any CPU.Build.0 = Release|Any CPU
		{B792147A-4B0C-4D57-A18E-623EE79DA575}.Release|ARM.ActiveCfg = Release|Any CPU
		{B792147A-4B0C-4D57-A18E-623EE79DA575}.Release|Mixed Platforms.ActiveCfg = Release|Any CPU
		{B792147A-4B0C-4D57-A18E-623EE79DA575}.Release|Mixed Platforms.Build.0 = Release|Any CPU
		{B792147A-4B0C-4D57-A18E-623EE79DA575}.Release|x64.ActiveCfg = Release|Any CPU
		{B792147A-4B0C-4D57-A18E-623EE79DA575}.Release|x86.ActiveCfg = Release|Any CPU
	EndGlobalSection
	GlobalSection(SolutionProperties) = preSolution
		HideSolutionNode = FALSE
	EndGlobalSection
	GlobalSection(NestedProjects) = preSolution
		{22A6D826-E2FA-4ED3-A130-0F653DBE9885} = {129B37F8-9FFA-4B8C-80B0-F571D1B6C24E}
		{91B002C3-4DA5-4977-8635-488FFD2CCF3A} = {22A6D826-E2FA-4ED3-A130-0F653DBE9885}
		{3B5A796D-87B2-40A6-ABF6-0F0BCB0B770C} = {22A6D826-E2FA-4ED3-A130-0F653DBE9885}
		{F88C8CE0-782A-4838-A239-3577AA302CA1} = {22A6D826-E2FA-4ED3-A130-0F653DBE9885}
		{1E50F1A9-B51A-4084-9293-0DBA1A14C92C} = {F1E65688-C9D7-4B4A-8E74-7EA1EA975560}
		{9AAA3563-0089-4C5B-A12C-D1B47E9DDF66} = {91D32ADD-0DC6-4E37-832D-CA6B9C3D7E95}
		{A0D6C3BE-0814-4A27-80B2-FD34033C006A} = {129B37F8-9FFA-4B8C-80B0-F571D1B6C24E}
		{2BCED8BE-06F8-4042-B4AF-D1CEAC754B5E} = {A0D6C3BE-0814-4A27-80B2-FD34033C006A}
		{13C2A63C-E51C-458E-9F95-BDD29D901A31} = {A0D6C3BE-0814-4A27-80B2-FD34033C006A}
		{237F5CBB-4EFD-4150-8AD2-99B438AC3A61} = {A0D6C3BE-0814-4A27-80B2-FD34033C006A}
		{854E29B7-5AAD-4A0C-A226-936693155605} = {237F5CBB-4EFD-4150-8AD2-99B438AC3A61}
		{2158886E-73A6-448B-BC2C-DE1E8D9B2017} = {237F5CBB-4EFD-4150-8AD2-99B438AC3A61}
		{904BD3D0-E83B-410C-93F7-B97FA29ABC68} = {3AB818F4-9336-486A-8F58-E58F4C16FF1C}
		{EFCD4F40-A2CB-440B-A1C1-BAD78B784471} = {91D32ADD-0DC6-4E37-832D-CA6B9C3D7E95}
		{F27C159B-6412-46DC-8239-F0841C6801DC} = {91D32ADD-0DC6-4E37-832D-CA6B9C3D7E95}
		{56A25D24-238D-4A5F-BFAB-0FEB31637B4F} = {3B2E05B4-DAC5-4A13-977E-193F3045B2F2}
		{B0DD6155-8DB6-46AE-ADC2-C8A002C2AEAA} = {A0D6C3BE-0814-4A27-80B2-FD34033C006A}
		{F0CCAC7F-FFB3-4681-981C-FD98BEFF4796} = {A0D6C3BE-0814-4A27-80B2-FD34033C006A}
		{B792147A-4B0C-4D57-A18E-623EE79DA575} = {3B2E05B4-DAC5-4A13-977E-193F3045B2F2}
	EndGlobalSection
	GlobalSection(NDepend) = preSolution
		Project = ".\MudEngine.ndproj"
	EndGlobalSection
EndGlobal
