
Microsoft Visual Studio Solution File, Format Version 12.00
# Visual Studio 2013
VisualStudioVersion = 12.0.30723.0
MinimumVisualStudioVersion = 10.0.40219.1
Project("{2150E333-8FDC-42A3-9474-1A3956D46DE8}") = "Apps", "Apps", "{129B37F8-9FFA-4B8C-80B0-F571D1B6C24E}"
EndProject
Project("{2150E333-8FDC-42A3-9474-1A3956D46DE8}") = "DataAccess", "DataAccess", "{F1E65688-C9D7-4B4A-8E74-7EA1EA975560}"
EndProject
Project("{2150E333-8FDC-42A3-9474-1A3956D46DE8}") = "Tests", "Tests", "{3B2E05B4-DAC5-4A13-977E-193F3045B2F2}"
EndProject
Project("{2150E333-8FDC-42A3-9474-1A3956D46DE8}") = "Engine", "Engine", "{91D32ADD-0DC6-4E37-832D-CA6B9C3D7E95}"
EndProject
Project("{2150E333-8FDC-42A3-9474-1A3956D46DE8}") = "Windows.Desktop", "Windows.Desktop", "{A0D6C3BE-0814-4A27-80B2-FD34033C006A}"
EndProject
Project("{2150E333-8FDC-42A3-9474-1A3956D46DE8}") = "Engine.Components", "Engine.Components", "{DB567E29-FF20-4198-93AB-E189485DF192}"
EndProject
Project("{2150E333-8FDC-42A3-9474-1A3956D46DE8}") = "Architecture", "Architecture", "{C16C7F10-0653-4404-A48F-69E3087B9C58}"
EndProject
Project("{FAE04EC0-301F-11D3-BF4B-00C04F79EFBC}") = "Engine.Shared", "Engine\Engine.Shared\Engine.Shared.csproj", "{F00E107C-B42C-47D1-97ED-D4611648B372}"
EndProject
Project("{FAE04EC0-301F-11D3-BF4B-00C04F79EFBC}") = "Engine.Runtime", "Engine\Engine.Runtime\Engine.Runtime.csproj", "{F27C159B-6412-46DC-8239-F0841C6801DC}"
EndProject
Project("{2150E333-8FDC-42A3-9474-1A3956D46DE8}") = "Desktop.Editor", "Desktop.Editor", "{780850AF-7BEF-49B5-9B09-D0FDAEAB530F}"
EndProject
Project("{2150E333-8FDC-42A3-9474-1A3956D46DE8}") = "Desktop.Server", "Desktop.Server", "{34F4DA67-167A-4C26-84BD-F16D9F09E1F5}"
EndProject
Project("{FAE04EC0-301F-11D3-BF4B-00C04F79EFBC}") = "Engine.Components.WindowsServer", "Engine\Engine.Components\Engine.Components.WindowsServer\Engine.Components.WindowsServer.csproj", "{EFCD4F40-A2CB-440B-A1C1-BAD78B784471}"
EndProject
Project("{FAE04EC0-301F-11D3-BF4B-00C04F79EFBC}") = "Desktop.Server.App", "Apps\Windows.Desktop\Desktop.Server\Desktop.Server.App\Desktop.Server.App.csproj", "{B0DD6155-8DB6-46AE-ADC2-C8A002C2AEAA}"
EndProject
Project("{2150E333-8FDC-42A3-9474-1A3956D46DE8}") = "Services", "Services", "{FACCFF83-1A64-437A-AAD5-5689A2A27A60}"
EndProject
Project("{2150E333-8FDC-42A3-9474-1A3956D46DE8}") = "Engine", "Engine", "{914BA9D0-7C2C-47FD-8862-6F3F0BECA246}"
EndProject
Project("{FAE04EC0-301F-11D3-BF4B-00C04F79EFBC}") = "Tests.Engine.Runtime", "Tests\Tests.Engine\Tests.Engine.Runtime\Tests.Engine.Runtime.csproj", "{E584DA91-8D6A-470E-A254-FAF5A33A37C1}"
EndProject
Global
	GlobalSection(SolutionConfigurationPlatforms) = preSolution
		Debug|Any CPU = Debug|Any CPU
		Debug|ARM = Debug|ARM
		Debug|Mixed Platforms = Debug|Mixed Platforms
		Debug|x64 = Debug|x64
		Debug|x86 = Debug|x86
		Release|Any CPU = Release|Any CPU
		Release|ARM = Release|ARM
		Release|Mixed Platforms = Release|Mixed Platforms
		Release|x64 = Release|x64
		Release|x86 = Release|x86
	EndGlobalSection
	GlobalSection(ProjectConfigurationPlatforms) = postSolution
		{F00E107C-B42C-47D1-97ED-D4611648B372}.Debug|Any CPU.ActiveCfg = Debug|Any CPU
		{F00E107C-B42C-47D1-97ED-D4611648B372}.Debug|Any CPU.Build.0 = Debug|Any CPU
		{F00E107C-B42C-47D1-97ED-D4611648B372}.Debug|ARM.ActiveCfg = Debug|Any CPU
		{F00E107C-B42C-47D1-97ED-D4611648B372}.Debug|Mixed Platforms.ActiveCfg = Debug|Any CPU
		{F00E107C-B42C-47D1-97ED-D4611648B372}.Debug|Mixed Platforms.Build.0 = Debug|Any CPU
		{F00E107C-B42C-47D1-97ED-D4611648B372}.Debug|x64.ActiveCfg = Debug|Any CPU
		{F00E107C-B42C-47D1-97ED-D4611648B372}.Debug|x86.ActiveCfg = Debug|Any CPU
		{F00E107C-B42C-47D1-97ED-D4611648B372}.Release|Any CPU.ActiveCfg = Release|Any CPU
		{F00E107C-B42C-47D1-97ED-D4611648B372}.Release|Any CPU.Build.0 = Release|Any CPU
		{F00E107C-B42C-47D1-97ED-D4611648B372}.Release|ARM.ActiveCfg = Release|Any CPU
		{F00E107C-B42C-47D1-97ED-D4611648B372}.Release|Mixed Platforms.ActiveCfg = Release|Any CPU
		{F00E107C-B42C-47D1-97ED-D4611648B372}.Release|Mixed Platforms.Build.0 = Release|Any CPU
		{F00E107C-B42C-47D1-97ED-D4611648B372}.Release|x64.ActiveCfg = Release|Any CPU
		{F00E107C-B42C-47D1-97ED-D4611648B372}.Release|x86.ActiveCfg = Release|Any CPU
		{F27C159B-6412-46DC-8239-F0841C6801DC}.Debug|Any CPU.ActiveCfg = Debug|Any CPU
		{F27C159B-6412-46DC-8239-F0841C6801DC}.Debug|Any CPU.Build.0 = Debug|Any CPU
		{F27C159B-6412-46DC-8239-F0841C6801DC}.Debug|ARM.ActiveCfg = Debug|Any CPU
		{F27C159B-6412-46DC-8239-F0841C6801DC}.Debug|Mixed Platforms.ActiveCfg = Debug|Any CPU
		{F27C159B-6412-46DC-8239-F0841C6801DC}.Debug|Mixed Platforms.Build.0 = Debug|Any CPU
		{F27C159B-6412-46DC-8239-F0841C6801DC}.Debug|x64.ActiveCfg = Debug|Any CPU
		{F27C159B-6412-46DC-8239-F0841C6801DC}.Debug|x86.ActiveCfg = Debug|Any CPU
		{F27C159B-6412-46DC-8239-F0841C6801DC}.Release|Any CPU.ActiveCfg = Release|Any CPU
		{F27C159B-6412-46DC-8239-F0841C6801DC}.Release|Any CPU.Build.0 = Release|Any CPU
		{F27C159B-6412-46DC-8239-F0841C6801DC}.Release|ARM.ActiveCfg = Release|Any CPU
		{F27C159B-6412-46DC-8239-F0841C6801DC}.Release|Mixed Platforms.ActiveCfg = Release|Any CPU
		{F27C159B-6412-46DC-8239-F0841C6801DC}.Release|Mixed Platforms.Build.0 = Release|Any CPU
		{F27C159B-6412-46DC-8239-F0841C6801DC}.Release|x64.ActiveCfg = Release|Any CPU
		{F27C159B-6412-46DC-8239-F0841C6801DC}.Release|x86.ActiveCfg = Release|Any CPU
		{EFCD4F40-A2CB-440B-A1C1-BAD78B784471}.Debug|Any CPU.ActiveCfg = Debug|Any CPU
		{EFCD4F40-A2CB-440B-A1C1-BAD78B784471}.Debug|Any CPU.Build.0 = Debug|Any CPU
		{EFCD4F40-A2CB-440B-A1C1-BAD78B784471}.Debug|ARM.ActiveCfg = Debug|Any CPU
		{EFCD4F40-A2CB-440B-A1C1-BAD78B784471}.Debug|Mixed Platforms.ActiveCfg = Debug|Any CPU
		{EFCD4F40-A2CB-440B-A1C1-BAD78B784471}.Debug|Mixed Platforms.Build.0 = Debug|Any CPU
		{EFCD4F40-A2CB-440B-A1C1-BAD78B784471}.Debug|x64.ActiveCfg = Debug|Any CPU
		{EFCD4F40-A2CB-440B-A1C1-BAD78B784471}.Debug|x86.ActiveCfg = Debug|Any CPU
		{EFCD4F40-A2CB-440B-A1C1-BAD78B784471}.Release|Any CPU.ActiveCfg = Release|Any CPU
		{EFCD4F40-A2CB-440B-A1C1-BAD78B784471}.Release|Any CPU.Build.0 = Release|Any CPU
		{EFCD4F40-A2CB-440B-A1C1-BAD78B784471}.Release|ARM.ActiveCfg = Release|Any CPU
		{EFCD4F40-A2CB-440B-A1C1-BAD78B784471}.Release|Mixed Platforms.ActiveCfg = Release|Any CPU
		{EFCD4F40-A2CB-440B-A1C1-BAD78B784471}.Release|Mixed Platforms.Build.0 = Release|Any CPU
		{EFCD4F40-A2CB-440B-A1C1-BAD78B784471}.Release|x64.ActiveCfg = Release|Any CPU
		{EFCD4F40-A2CB-440B-A1C1-BAD78B784471}.Release|x86.ActiveCfg = Release|Any CPU
		{B0DD6155-8DB6-46AE-ADC2-C8A002C2AEAA}.Debug|Any CPU.ActiveCfg = Debug|Any CPU
		{B0DD6155-8DB6-46AE-ADC2-C8A002C2AEAA}.Debug|Any CPU.Build.0 = Debug|Any CPU
		{B0DD6155-8DB6-46AE-ADC2-C8A002C2AEAA}.Debug|ARM.ActiveCfg = Debug|Any CPU
		{B0DD6155-8DB6-46AE-ADC2-C8A002C2AEAA}.Debug|Mixed Platforms.ActiveCfg = Debug|Any CPU
		{B0DD6155-8DB6-46AE-ADC2-C8A002C2AEAA}.Debug|Mixed Platforms.Build.0 = Debug|Any CPU
		{B0DD6155-8DB6-46AE-ADC2-C8A002C2AEAA}.Debug|x64.ActiveCfg = Debug|Any CPU
		{B0DD6155-8DB6-46AE-ADC2-C8A002C2AEAA}.Debug|x86.ActiveCfg = Debug|Any CPU
		{B0DD6155-8DB6-46AE-ADC2-C8A002C2AEAA}.Release|Any CPU.ActiveCfg = Release|Any CPU
		{B0DD6155-8DB6-46AE-ADC2-C8A002C2AEAA}.Release|Any CPU.Build.0 = Release|Any CPU
		{B0DD6155-8DB6-46AE-ADC2-C8A002C2AEAA}.Release|ARM.ActiveCfg = Release|Any CPU
		{B0DD6155-8DB6-46AE-ADC2-C8A002C2AEAA}.Release|Mixed Platforms.ActiveCfg = Release|Any CPU
		{B0DD6155-8DB6-46AE-ADC2-C8A002C2AEAA}.Release|Mixed Platforms.Build.0 = Release|Any CPU
		{B0DD6155-8DB6-46AE-ADC2-C8A002C2AEAA}.Release|x64.ActiveCfg = Release|Any CPU
		{B0DD6155-8DB6-46AE-ADC2-C8A002C2AEAA}.Release|x86.ActiveCfg = Release|Any CPU
		{E584DA91-8D6A-470E-A254-FAF5A33A37C1}.Debug|Any CPU.ActiveCfg = Debug|Any CPU
		{E584DA91-8D6A-470E-A254-FAF5A33A37C1}.Debug|Any CPU.Build.0 = Debug|Any CPU
		{E584DA91-8D6A-470E-A254-FAF5A33A37C1}.Debug|ARM.ActiveCfg = Debug|Any CPU
		{E584DA91-8D6A-470E-A254-FAF5A33A37C1}.Debug|Mixed Platforms.ActiveCfg = Debug|Any CPU
		{E584DA91-8D6A-470E-A254-FAF5A33A37C1}.Debug|Mixed Platforms.Build.0 = Debug|Any CPU
		{E584DA91-8D6A-470E-A254-FAF5A33A37C1}.Debug|x64.ActiveCfg = Debug|Any CPU
		{E584DA91-8D6A-470E-A254-FAF5A33A37C1}.Debug|x86.ActiveCfg = Debug|Any CPU
		{E584DA91-8D6A-470E-A254-FAF5A33A37C1}.Release|Any CPU.ActiveCfg = Release|Any CPU
		{E584DA91-8D6A-470E-A254-FAF5A33A37C1}.Release|Any CPU.Build.0 = Release|Any CPU
		{E584DA91-8D6A-470E-A254-FAF5A33A37C1}.Release|ARM.ActiveCfg = Release|Any CPU
		{E584DA91-8D6A-470E-A254-FAF5A33A37C1}.Release|Mixed Platforms.ActiveCfg = Release|Any CPU
		{E584DA91-8D6A-470E-A254-FAF5A33A37C1}.Release|Mixed Platforms.Build.0 = Release|Any CPU
		{E584DA91-8D6A-470E-A254-FAF5A33A37C1}.Release|x64.ActiveCfg = Release|Any CPU
		{E584DA91-8D6A-470E-A254-FAF5A33A37C1}.Release|x86.ActiveCfg = Release|Any CPU
	EndGlobalSection
	GlobalSection(SolutionProperties) = preSolution
		HideSolutionNode = FALSE
	EndGlobalSection
	GlobalSection(NestedProjects) = preSolution
		{A0D6C3BE-0814-4A27-80B2-FD34033C006A} = {129B37F8-9FFA-4B8C-80B0-F571D1B6C24E}
		{DB567E29-FF20-4198-93AB-E189485DF192} = {91D32ADD-0DC6-4E37-832D-CA6B9C3D7E95}
		{F00E107C-B42C-47D1-97ED-D4611648B372} = {91D32ADD-0DC6-4E37-832D-CA6B9C3D7E95}
		{F27C159B-6412-46DC-8239-F0841C6801DC} = {91D32ADD-0DC6-4E37-832D-CA6B9C3D7E95}
		{780850AF-7BEF-49B5-9B09-D0FDAEAB530F} = {A0D6C3BE-0814-4A27-80B2-FD34033C006A}
		{34F4DA67-167A-4C26-84BD-F16D9F09E1F5} = {A0D6C3BE-0814-4A27-80B2-FD34033C006A}
		{EFCD4F40-A2CB-440B-A1C1-BAD78B784471} = {DB567E29-FF20-4198-93AB-E189485DF192}
		{B0DD6155-8DB6-46AE-ADC2-C8A002C2AEAA} = {34F4DA67-167A-4C26-84BD-F16D9F09E1F5}
		{914BA9D0-7C2C-47FD-8862-6F3F0BECA246} = {3B2E05B4-DAC5-4A13-977E-193F3045B2F2}
		{E584DA91-8D6A-470E-A254-FAF5A33A37C1} = {914BA9D0-7C2C-47FD-8862-6F3F0BECA246}
	EndGlobalSection
	GlobalSection(NDepend) = preSolution
		Project = ""
	EndGlobalSection
EndGlobal
