
Microsoft Visual Studio Solution File, Format Version 12.00
# Visual Studio 2013
VisualStudioVersion = 12.0.30110.0
MinimumVisualStudioVersion = 10.0.40219.1
Project("{FAE04EC0-301F-11D3-BF4B-00C04F79EFBC}") = "Old.Engine", "Engine.old\Old.Engine.csproj", "{9D9E8CAC-8876-4725-9A65-2077DE4322DD}"
EndProject
Project("{FAE04EC0-301F-11D3-BF4B-00C04F79EFBC}") = "Server", "Server\Server.csproj", "{161E78DB-10C5-43A6-BC15-0945BC6F941F}"
EndProject
Project("{FAE04EC0-301F-11D3-BF4B-00C04F79EFBC}") = "Scripts", "Scripts\Scripts.csproj", "{DB190BE6-A73B-4C59-B939-4A8B1825A658}"
EndProject
Project("{FAE04EC0-301F-11D3-BF4B-00C04F79EFBC}") = "Old.Editor", "Editor\Old.Editor.csproj", "{84D17981-44C6-40C6-BC05-15819154E7F0}"
EndProject
Project("{FAE04EC0-301F-11D3-BF4B-00C04F79EFBC}") = "Engine", "Engine\Engine.csproj", "{9B0441DD-0DE4-42A9-A2B2-4BEE7D3DC241}"
EndProject
Project("{FAE04EC0-301F-11D3-BF4B-00C04F79EFBC}") = "MudEngine.Tests.Win", "MudEngine.Tests.Win\MudEngine.Tests.Win.csproj", "{55E551E8-1A67-498F-8CEE-E525A656F3A7}"
EndProject
Project("{FAE04EC0-301F-11D3-BF4B-00C04F79EFBC}") = "Designer", "Designer\Designer.csproj", "{9FE86E93-884C-4897-A328-7ECFBAE42754}"
EndProject
Project("{2150E333-8FDC-42A3-9474-1A3956D46DE8}") = ".nuget", ".nuget", "{243A9E86-52F4-4205-843C-5EC7A81561A5}"
	ProjectSection(SolutionItems) = preProject
		.nuget\NuGet.Config = .nuget\NuGet.Config
		.nuget\NuGet.exe = .nuget\NuGet.exe
		.nuget\NuGet.targets = .nuget\NuGet.targets
	EndProjectSection
EndProject
Project("{FAE04EC0-301F-11D3-BF4B-00C04F79EFBC}") = "ScriptEngine", "ScriptEngine\ScriptEngine.csproj", "{17B471AD-3A65-4CB8-A26D-779A270F8C8F}"
EndProject
Project("{FAE04EC0-301F-11D3-BF4B-00C04F79EFBC}") = "Engine.XmlPersistedStorage", "Engine.XmlPersistedStorage\Engine.XmlPersistedStorage.csproj", "{EADD1823-C401-44EE-910E-B46D70A61220}"
EndProject
Global
	GlobalSection(TeamFoundationVersionControl) = preSolution
		SccNumberOfProjects = 10
		SccEnterpriseProvider = {4CA58AB2-18FA-4F8D-95D4-32DDF27D184C}
		SccTeamFoundationServer = https://tfs.codeplex.com/tfs/tfs03
		SccLocalPath0 = .
		SccProjectUniqueName1 = Server\\Server.csproj
		SccProjectName1 = Server
		SccLocalPath1 = Server
		SccProjectUniqueName2 = Scripts\\Scripts.csproj
		SccProjectName2 = Scripts
		SccLocalPath2 = Scripts
		SccProjectUniqueName3 = Engine\\Engine.csproj
		SccProjectName3 = Engine
		SccLocalPath3 = Engine
		SccProjectUniqueName4 = MudEngine.Tests.Win\\MudEngine.Tests.Win.csproj
		SccProjectName4 = MudEngine.Tests.Win
		SccLocalPath4 = MudEngine.Tests.Win
		SccProjectUniqueName5 = Designer\\Designer.csproj
		SccProjectName5 = Designer
		SccLocalPath5 = Designer
		SccProjectUniqueName6 = ScriptEngine\\ScriptEngine.csproj
		SccProjectName6 = ScriptEngine
		SccLocalPath6 = ScriptEngine
		SccProjectUniqueName7 = Editor\\Old.Editor.csproj
		SccProjectName7 = Editor
		SccLocalPath7 = Editor
		SccProjectUniqueName8 = Engine.old\\Old.Engine.csproj
		SccProjectName8 = Engine.old
		SccLocalPath8 = Engine.old
		SccProjectUniqueName9 = Engine.XmlPersistedStorage\\Engine.XmlPersistedStorage.csproj
		SccProjectName9 = Engine.XmlPersistedStorage
		SccLocalPath9 = Engine.XmlPersistedStorage
	EndGlobalSection
	GlobalSection(SolutionConfigurationPlatforms) = preSolution
		Debug|Any CPU = Debug|Any CPU
		Debug|Mixed Platforms = Debug|Mixed Platforms
		Debug|x86 = Debug|x86
		Editor (Debug)|Any CPU = Editor (Debug)|Any CPU
		Editor (Debug)|Mixed Platforms = Editor (Debug)|Mixed Platforms
		Editor (Debug)|x86 = Editor (Debug)|x86
		Release|Any CPU = Release|Any CPU
		Release|Mixed Platforms = Release|Mixed Platforms
		Release|x86 = Release|x86
		Server (Debug)|Any CPU = Server (Debug)|Any CPU
		Server (Debug)|Mixed Platforms = Server (Debug)|Mixed Platforms
		Server (Debug)|x86 = Server (Debug)|x86
	EndGlobalSection
	GlobalSection(ProjectConfigurationPlatforms) = postSolution
		{9D9E8CAC-8876-4725-9A65-2077DE4322DD}.Debug|Any CPU.ActiveCfg = Debug|Any CPU
		{9D9E8CAC-8876-4725-9A65-2077DE4322DD}.Debug|Any CPU.Build.0 = Debug|Any CPU
		{9D9E8CAC-8876-4725-9A65-2077DE4322DD}.Debug|Mixed Platforms.ActiveCfg = Debug|Any CPU
		{9D9E8CAC-8876-4725-9A65-2077DE4322DD}.Debug|Mixed Platforms.Build.0 = Debug|Any CPU
		{9D9E8CAC-8876-4725-9A65-2077DE4322DD}.Debug|x86.ActiveCfg = Debug|Any CPU
		{9D9E8CAC-8876-4725-9A65-2077DE4322DD}.Editor (Debug)|Any CPU.ActiveCfg = Debug|Any CPU
		{9D9E8CAC-8876-4725-9A65-2077DE4322DD}.Editor (Debug)|Any CPU.Build.0 = Debug|Any CPU
		{9D9E8CAC-8876-4725-9A65-2077DE4322DD}.Editor (Debug)|Mixed Platforms.ActiveCfg = Debug|Any CPU
		{9D9E8CAC-8876-4725-9A65-2077DE4322DD}.Editor (Debug)|Mixed Platforms.Build.0 = Debug|Any CPU
		{9D9E8CAC-8876-4725-9A65-2077DE4322DD}.Editor (Debug)|x86.ActiveCfg = Debug|Any CPU
		{9D9E8CAC-8876-4725-9A65-2077DE4322DD}.Release|Any CPU.ActiveCfg = Release|Any CPU
		{9D9E8CAC-8876-4725-9A65-2077DE4322DD}.Release|Any CPU.Build.0 = Release|Any CPU
		{9D9E8CAC-8876-4725-9A65-2077DE4322DD}.Release|Mixed Platforms.ActiveCfg = Release|Any CPU
		{9D9E8CAC-8876-4725-9A65-2077DE4322DD}.Release|Mixed Platforms.Build.0 = Release|Any CPU
		{9D9E8CAC-8876-4725-9A65-2077DE4322DD}.Release|x86.ActiveCfg = Release|Any CPU
		{9D9E8CAC-8876-4725-9A65-2077DE4322DD}.Server (Debug)|Any CPU.ActiveCfg = Debug|Any CPU
		{9D9E8CAC-8876-4725-9A65-2077DE4322DD}.Server (Debug)|Any CPU.Build.0 = Debug|Any CPU
		{9D9E8CAC-8876-4725-9A65-2077DE4322DD}.Server (Debug)|Mixed Platforms.ActiveCfg = Debug|Any CPU
		{9D9E8CAC-8876-4725-9A65-2077DE4322DD}.Server (Debug)|Mixed Platforms.Build.0 = Debug|Any CPU
		{9D9E8CAC-8876-4725-9A65-2077DE4322DD}.Server (Debug)|x86.ActiveCfg = Debug|Any CPU
		{161E78DB-10C5-43A6-BC15-0945BC6F941F}.Debug|Any CPU.ActiveCfg = Debug|x86
		{161E78DB-10C5-43A6-BC15-0945BC6F941F}.Debug|Mixed Platforms.ActiveCfg = Debug|x86
		{161E78DB-10C5-43A6-BC15-0945BC6F941F}.Debug|Mixed Platforms.Build.0 = Debug|x86
		{161E78DB-10C5-43A6-BC15-0945BC6F941F}.Debug|x86.ActiveCfg = Debug|x86
		{161E78DB-10C5-43A6-BC15-0945BC6F941F}.Debug|x86.Build.0 = Debug|x86
		{161E78DB-10C5-43A6-BC15-0945BC6F941F}.Editor (Debug)|Any CPU.ActiveCfg = Debug|x86
		{161E78DB-10C5-43A6-BC15-0945BC6F941F}.Editor (Debug)|Mixed Platforms.ActiveCfg = Debug|x86
		{161E78DB-10C5-43A6-BC15-0945BC6F941F}.Editor (Debug)|Mixed Platforms.Build.0 = Debug|x86
		{161E78DB-10C5-43A6-BC15-0945BC6F941F}.Editor (Debug)|x86.ActiveCfg = Debug|x86
		{161E78DB-10C5-43A6-BC15-0945BC6F941F}.Editor (Debug)|x86.Build.0 = Debug|x86
		{161E78DB-10C5-43A6-BC15-0945BC6F941F}.Release|Any CPU.ActiveCfg = Release|x86
		{161E78DB-10C5-43A6-BC15-0945BC6F941F}.Release|Mixed Platforms.ActiveCfg = Release|x86
		{161E78DB-10C5-43A6-BC15-0945BC6F941F}.Release|Mixed Platforms.Build.0 = Release|x86
		{161E78DB-10C5-43A6-BC15-0945BC6F941F}.Release|x86.ActiveCfg = Release|x86
		{161E78DB-10C5-43A6-BC15-0945BC6F941F}.Release|x86.Build.0 = Release|x86
		{161E78DB-10C5-43A6-BC15-0945BC6F941F}.Server (Debug)|Any CPU.ActiveCfg = Debug|x86
		{161E78DB-10C5-43A6-BC15-0945BC6F941F}.Server (Debug)|Mixed Platforms.ActiveCfg = Debug|x86
		{161E78DB-10C5-43A6-BC15-0945BC6F941F}.Server (Debug)|Mixed Platforms.Build.0 = Debug|x86
		{161E78DB-10C5-43A6-BC15-0945BC6F941F}.Server (Debug)|x86.ActiveCfg = Debug|x86
		{161E78DB-10C5-43A6-BC15-0945BC6F941F}.Server (Debug)|x86.Build.0 = Debug|x86
		{DB190BE6-A73B-4C59-B939-4A8B1825A658}.Debug|Any CPU.ActiveCfg = Debug|Any CPU
		{DB190BE6-A73B-4C59-B939-4A8B1825A658}.Debug|Any CPU.Build.0 = Debug|Any CPU
		{DB190BE6-A73B-4C59-B939-4A8B1825A658}.Debug|Mixed Platforms.ActiveCfg = Debug|Any CPU
		{DB190BE6-A73B-4C59-B939-4A8B1825A658}.Debug|Mixed Platforms.Build.0 = Debug|Any CPU
		{DB190BE6-A73B-4C59-B939-4A8B1825A658}.Debug|x86.ActiveCfg = Debug|Any CPU
		{DB190BE6-A73B-4C59-B939-4A8B1825A658}.Editor (Debug)|Any CPU.ActiveCfg = Debug|Any CPU
		{DB190BE6-A73B-4C59-B939-4A8B1825A658}.Editor (Debug)|Any CPU.Build.0 = Debug|Any CPU
		{DB190BE6-A73B-4C59-B939-4A8B1825A658}.Editor (Debug)|Mixed Platforms.ActiveCfg = Debug|Any CPU
		{DB190BE6-A73B-4C59-B939-4A8B1825A658}.Editor (Debug)|Mixed Platforms.Build.0 = Debug|Any CPU
		{DB190BE6-A73B-4C59-B939-4A8B1825A658}.Editor (Debug)|x86.ActiveCfg = Debug|Any CPU
		{DB190BE6-A73B-4C59-B939-4A8B1825A658}.Release|Any CPU.ActiveCfg = Release|Any CPU
		{DB190BE6-A73B-4C59-B939-4A8B1825A658}.Release|Any CPU.Build.0 = Release|Any CPU
		{DB190BE6-A73B-4C59-B939-4A8B1825A658}.Release|Mixed Platforms.ActiveCfg = Release|Any CPU
		{DB190BE6-A73B-4C59-B939-4A8B1825A658}.Release|Mixed Platforms.Build.0 = Release|Any CPU
		{DB190BE6-A73B-4C59-B939-4A8B1825A658}.Release|x86.ActiveCfg = Release|Any CPU
		{DB190BE6-A73B-4C59-B939-4A8B1825A658}.Server (Debug)|Any CPU.ActiveCfg = Debug|Any CPU
		{DB190BE6-A73B-4C59-B939-4A8B1825A658}.Server (Debug)|Any CPU.Build.0 = Debug|Any CPU
		{DB190BE6-A73B-4C59-B939-4A8B1825A658}.Server (Debug)|Mixed Platforms.ActiveCfg = Debug|Any CPU
		{DB190BE6-A73B-4C59-B939-4A8B1825A658}.Server (Debug)|Mixed Platforms.Build.0 = Debug|Any CPU
		{DB190BE6-A73B-4C59-B939-4A8B1825A658}.Server (Debug)|x86.ActiveCfg = Debug|Any CPU
		{84D17981-44C6-40C6-BC05-15819154E7F0}.Debug|Any CPU.ActiveCfg = Debug|Any CPU
		{84D17981-44C6-40C6-BC05-15819154E7F0}.Debug|Any CPU.Build.0 = Debug|Any CPU
		{84D17981-44C6-40C6-BC05-15819154E7F0}.Debug|Mixed Platforms.ActiveCfg = Debug|Any CPU
		{84D17981-44C6-40C6-BC05-15819154E7F0}.Debug|Mixed Platforms.Build.0 = Debug|Any CPU
		{84D17981-44C6-40C6-BC05-15819154E7F0}.Debug|x86.ActiveCfg = Debug|Any CPU
		{84D17981-44C6-40C6-BC05-15819154E7F0}.Editor (Debug)|Any CPU.ActiveCfg = Debug|Any CPU
		{84D17981-44C6-40C6-BC05-15819154E7F0}.Editor (Debug)|Any CPU.Build.0 = Debug|Any CPU
		{84D17981-44C6-40C6-BC05-15819154E7F0}.Editor (Debug)|Mixed Platforms.ActiveCfg = Debug|Any CPU
		{84D17981-44C6-40C6-BC05-15819154E7F0}.Editor (Debug)|Mixed Platforms.Build.0 = Debug|Any CPU
		{84D17981-44C6-40C6-BC05-15819154E7F0}.Editor (Debug)|x86.ActiveCfg = Debug|Any CPU
		{84D17981-44C6-40C6-BC05-15819154E7F0}.Release|Any CPU.ActiveCfg = Release|Any CPU
		{84D17981-44C6-40C6-BC05-15819154E7F0}.Release|Any CPU.Build.0 = Release|Any CPU
		{84D17981-44C6-40C6-BC05-15819154E7F0}.Release|Mixed Platforms.ActiveCfg = Release|Any CPU
		{84D17981-44C6-40C6-BC05-15819154E7F0}.Release|Mixed Platforms.Build.0 = Release|Any CPU
		{84D17981-44C6-40C6-BC05-15819154E7F0}.Release|x86.ActiveCfg = Release|Any CPU
		{84D17981-44C6-40C6-BC05-15819154E7F0}.Server (Debug)|Any CPU.ActiveCfg = Debug|Any CPU
		{84D17981-44C6-40C6-BC05-15819154E7F0}.Server (Debug)|Any CPU.Build.0 = Debug|Any CPU
		{84D17981-44C6-40C6-BC05-15819154E7F0}.Server (Debug)|Mixed Platforms.ActiveCfg = Debug|Any CPU
		{84D17981-44C6-40C6-BC05-15819154E7F0}.Server (Debug)|Mixed Platforms.Build.0 = Debug|Any CPU
		{84D17981-44C6-40C6-BC05-15819154E7F0}.Server (Debug)|x86.ActiveCfg = Debug|Any CPU
		{9B0441DD-0DE4-42A9-A2B2-4BEE7D3DC241}.Debug|Any CPU.ActiveCfg = Debug|Any CPU
		{9B0441DD-0DE4-42A9-A2B2-4BEE7D3DC241}.Debug|Any CPU.Build.0 = Debug|Any CPU
		{9B0441DD-0DE4-42A9-A2B2-4BEE7D3DC241}.Debug|Mixed Platforms.ActiveCfg = Debug|Any CPU
		{9B0441DD-0DE4-42A9-A2B2-4BEE7D3DC241}.Debug|Mixed Platforms.Build.0 = Debug|Any CPU
		{9B0441DD-0DE4-42A9-A2B2-4BEE7D3DC241}.Debug|x86.ActiveCfg = Debug|Any CPU
		{9B0441DD-0DE4-42A9-A2B2-4BEE7D3DC241}.Editor (Debug)|Any CPU.ActiveCfg = Debug|Any CPU
		{9B0441DD-0DE4-42A9-A2B2-4BEE7D3DC241}.Editor (Debug)|Any CPU.Build.0 = Debug|Any CPU
		{9B0441DD-0DE4-42A9-A2B2-4BEE7D3DC241}.Editor (Debug)|Mixed Platforms.ActiveCfg = Debug|Any CPU
		{9B0441DD-0DE4-42A9-A2B2-4BEE7D3DC241}.Editor (Debug)|Mixed Platforms.Build.0 = Debug|Any CPU
		{9B0441DD-0DE4-42A9-A2B2-4BEE7D3DC241}.Editor (Debug)|x86.ActiveCfg = Debug|Any CPU
		{9B0441DD-0DE4-42A9-A2B2-4BEE7D3DC241}.Release|Any CPU.ActiveCfg = Release|Any CPU
		{9B0441DD-0DE4-42A9-A2B2-4BEE7D3DC241}.Release|Any CPU.Build.0 = Release|Any CPU
		{9B0441DD-0DE4-42A9-A2B2-4BEE7D3DC241}.Release|Mixed Platforms.ActiveCfg = Release|Any CPU
		{9B0441DD-0DE4-42A9-A2B2-4BEE7D3DC241}.Release|Mixed Platforms.Build.0 = Release|Any CPU
		{9B0441DD-0DE4-42A9-A2B2-4BEE7D3DC241}.Release|x86.ActiveCfg = Release|Any CPU
		{9B0441DD-0DE4-42A9-A2B2-4BEE7D3DC241}.Server (Debug)|Any CPU.ActiveCfg = Debug|Any CPU
		{9B0441DD-0DE4-42A9-A2B2-4BEE7D3DC241}.Server (Debug)|Any CPU.Build.0 = Debug|Any CPU
		{9B0441DD-0DE4-42A9-A2B2-4BEE7D3DC241}.Server (Debug)|Mixed Platforms.ActiveCfg = Debug|Any CPU
		{9B0441DD-0DE4-42A9-A2B2-4BEE7D3DC241}.Server (Debug)|Mixed Platforms.Build.0 = Debug|Any CPU
		{9B0441DD-0DE4-42A9-A2B2-4BEE7D3DC241}.Server (Debug)|x86.ActiveCfg = Debug|Any CPU
		{55E551E8-1A67-498F-8CEE-E525A656F3A7}.Debug|Any CPU.ActiveCfg = Debug|Any CPU
		{55E551E8-1A67-498F-8CEE-E525A656F3A7}.Debug|Any CPU.Build.0 = Debug|Any CPU
		{55E551E8-1A67-498F-8CEE-E525A656F3A7}.Debug|Mixed Platforms.ActiveCfg = Debug|Any CPU
		{55E551E8-1A67-498F-8CEE-E525A656F3A7}.Debug|Mixed Platforms.Build.0 = Debug|Any CPU
		{55E551E8-1A67-498F-8CEE-E525A656F3A7}.Debug|x86.ActiveCfg = Debug|Any CPU
		{55E551E8-1A67-498F-8CEE-E525A656F3A7}.Editor (Debug)|Any CPU.ActiveCfg = Debug|Any CPU
		{55E551E8-1A67-498F-8CEE-E525A656F3A7}.Editor (Debug)|Any CPU.Build.0 = Debug|Any CPU
		{55E551E8-1A67-498F-8CEE-E525A656F3A7}.Editor (Debug)|Mixed Platforms.ActiveCfg = Debug|Any CPU
		{55E551E8-1A67-498F-8CEE-E525A656F3A7}.Editor (Debug)|Mixed Platforms.Build.0 = Debug|Any CPU
		{55E551E8-1A67-498F-8CEE-E525A656F3A7}.Editor (Debug)|x86.ActiveCfg = Debug|Any CPU
		{55E551E8-1A67-498F-8CEE-E525A656F3A7}.Release|Any CPU.ActiveCfg = Release|Any CPU
		{55E551E8-1A67-498F-8CEE-E525A656F3A7}.Release|Any CPU.Build.0 = Release|Any CPU
		{55E551E8-1A67-498F-8CEE-E525A656F3A7}.Release|Mixed Platforms.ActiveCfg = Release|Any CPU
		{55E551E8-1A67-498F-8CEE-E525A656F3A7}.Release|Mixed Platforms.Build.0 = Release|Any CPU
		{55E551E8-1A67-498F-8CEE-E525A656F3A7}.Release|x86.ActiveCfg = Release|Any CPU
		{55E551E8-1A67-498F-8CEE-E525A656F3A7}.Server (Debug)|Any CPU.ActiveCfg = Debug|Any CPU
		{55E551E8-1A67-498F-8CEE-E525A656F3A7}.Server (Debug)|Any CPU.Build.0 = Debug|Any CPU
		{55E551E8-1A67-498F-8CEE-E525A656F3A7}.Server (Debug)|Mixed Platforms.ActiveCfg = Debug|Any CPU
		{55E551E8-1A67-498F-8CEE-E525A656F3A7}.Server (Debug)|Mixed Platforms.Build.0 = Debug|Any CPU
		{55E551E8-1A67-498F-8CEE-E525A656F3A7}.Server (Debug)|x86.ActiveCfg = Debug|Any CPU
		{9FE86E93-884C-4897-A328-7ECFBAE42754}.Debug|Any CPU.ActiveCfg = Debug|Any CPU
		{9FE86E93-884C-4897-A328-7ECFBAE42754}.Debug|Any CPU.Build.0 = Debug|Any CPU
		{9FE86E93-884C-4897-A328-7ECFBAE42754}.Debug|Mixed Platforms.ActiveCfg = Debug|Any CPU
		{9FE86E93-884C-4897-A328-7ECFBAE42754}.Debug|Mixed Platforms.Build.0 = Debug|Any CPU
		{9FE86E93-884C-4897-A328-7ECFBAE42754}.Debug|x86.ActiveCfg = Debug|Any CPU
		{9FE86E93-884C-4897-A328-7ECFBAE42754}.Editor (Debug)|Any CPU.ActiveCfg = Debug|Any CPU
		{9FE86E93-884C-4897-A328-7ECFBAE42754}.Editor (Debug)|Any CPU.Build.0 = Debug|Any CPU
		{9FE86E93-884C-4897-A328-7ECFBAE42754}.Editor (Debug)|Mixed Platforms.ActiveCfg = Debug|Any CPU
		{9FE86E93-884C-4897-A328-7ECFBAE42754}.Editor (Debug)|Mixed Platforms.Build.0 = Debug|Any CPU
		{9FE86E93-884C-4897-A328-7ECFBAE42754}.Editor (Debug)|x86.ActiveCfg = Debug|Any CPU
		{9FE86E93-884C-4897-A328-7ECFBAE42754}.Release|Any CPU.ActiveCfg = Release|Any CPU
		{9FE86E93-884C-4897-A328-7ECFBAE42754}.Release|Any CPU.Build.0 = Release|Any CPU
		{9FE86E93-884C-4897-A328-7ECFBAE42754}.Release|Mixed Platforms.ActiveCfg = Release|Any CPU
		{9FE86E93-884C-4897-A328-7ECFBAE42754}.Release|Mixed Platforms.Build.0 = Release|Any CPU
		{9FE86E93-884C-4897-A328-7ECFBAE42754}.Release|x86.ActiveCfg = Release|Any CPU
		{9FE86E93-884C-4897-A328-7ECFBAE42754}.Server (Debug)|Any CPU.ActiveCfg = Debug|Any CPU
		{9FE86E93-884C-4897-A328-7ECFBAE42754}.Server (Debug)|Any CPU.Build.0 = Debug|Any CPU
		{9FE86E93-884C-4897-A328-7ECFBAE42754}.Server (Debug)|Mixed Platforms.ActiveCfg = Debug|Any CPU
		{9FE86E93-884C-4897-A328-7ECFBAE42754}.Server (Debug)|Mixed Platforms.Build.0 = Debug|Any CPU
		{9FE86E93-884C-4897-A328-7ECFBAE42754}.Server (Debug)|x86.ActiveCfg = Debug|Any CPU
		{17B471AD-3A65-4CB8-A26D-779A270F8C8F}.Debug|Any CPU.ActiveCfg = Debug|Any CPU
		{17B471AD-3A65-4CB8-A26D-779A270F8C8F}.Debug|Any CPU.Build.0 = Debug|Any CPU
		{17B471AD-3A65-4CB8-A26D-779A270F8C8F}.Debug|Mixed Platforms.ActiveCfg = Debug|Any CPU
		{17B471AD-3A65-4CB8-A26D-779A270F8C8F}.Debug|Mixed Platforms.Build.0 = Debug|Any CPU
		{17B471AD-3A65-4CB8-A26D-779A270F8C8F}.Debug|x86.ActiveCfg = Debug|Any CPU
		{17B471AD-3A65-4CB8-A26D-779A270F8C8F}.Editor (Debug)|Any CPU.ActiveCfg = Debug|Any CPU
		{17B471AD-3A65-4CB8-A26D-779A270F8C8F}.Editor (Debug)|Any CPU.Build.0 = Debug|Any CPU
		{17B471AD-3A65-4CB8-A26D-779A270F8C8F}.Editor (Debug)|Mixed Platforms.ActiveCfg = Debug|Any CPU
		{17B471AD-3A65-4CB8-A26D-779A270F8C8F}.Editor (Debug)|Mixed Platforms.Build.0 = Debug|Any CPU
		{17B471AD-3A65-4CB8-A26D-779A270F8C8F}.Editor (Debug)|x86.ActiveCfg = Debug|Any CPU
		{17B471AD-3A65-4CB8-A26D-779A270F8C8F}.Release|Any CPU.ActiveCfg = Release|Any CPU
		{17B471AD-3A65-4CB8-A26D-779A270F8C8F}.Release|Any CPU.Build.0 = Release|Any CPU
		{17B471AD-3A65-4CB8-A26D-779A270F8C8F}.Release|Mixed Platforms.ActiveCfg = Release|Any CPU
		{17B471AD-3A65-4CB8-A26D-779A270F8C8F}.Release|Mixed Platforms.Build.0 = Release|Any CPU
		{17B471AD-3A65-4CB8-A26D-779A270F8C8F}.Release|x86.ActiveCfg = Release|Any CPU
		{17B471AD-3A65-4CB8-A26D-779A270F8C8F}.Server (Debug)|Any CPU.ActiveCfg = Debug|Any CPU
		{17B471AD-3A65-4CB8-A26D-779A270F8C8F}.Server (Debug)|Any CPU.Build.0 = Debug|Any CPU
		{17B471AD-3A65-4CB8-A26D-779A270F8C8F}.Server (Debug)|Mixed Platforms.ActiveCfg = Debug|Any CPU
		{17B471AD-3A65-4CB8-A26D-779A270F8C8F}.Server (Debug)|Mixed Platforms.Build.0 = Debug|Any CPU
		{17B471AD-3A65-4CB8-A26D-779A270F8C8F}.Server (Debug)|x86.ActiveCfg = Debug|Any CPU
		{EADD1823-C401-44EE-910E-B46D70A61220}.Debug|Any CPU.ActiveCfg = Debug|Any CPU
		{EADD1823-C401-44EE-910E-B46D70A61220}.Debug|Any CPU.Build.0 = Debug|Any CPU
		{EADD1823-C401-44EE-910E-B46D70A61220}.Debug|Mixed Platforms.ActiveCfg = Debug|Any CPU
		{EADD1823-C401-44EE-910E-B46D70A61220}.Debug|Mixed Platforms.Build.0 = Debug|Any CPU
		{EADD1823-C401-44EE-910E-B46D70A61220}.Debug|x86.ActiveCfg = Debug|Any CPU
		{EADD1823-C401-44EE-910E-B46D70A61220}.Editor (Debug)|Any CPU.ActiveCfg = Debug|Any CPU
		{EADD1823-C401-44EE-910E-B46D70A61220}.Editor (Debug)|Any CPU.Build.0 = Debug|Any CPU
		{EADD1823-C401-44EE-910E-B46D70A61220}.Editor (Debug)|Mixed Platforms.ActiveCfg = Debug|Any CPU
		{EADD1823-C401-44EE-910E-B46D70A61220}.Editor (Debug)|Mixed Platforms.Build.0 = Debug|Any CPU
		{EADD1823-C401-44EE-910E-B46D70A61220}.Editor (Debug)|x86.ActiveCfg = Debug|Any CPU
		{EADD1823-C401-44EE-910E-B46D70A61220}.Release|Any CPU.ActiveCfg = Release|Any CPU
		{EADD1823-C401-44EE-910E-B46D70A61220}.Release|Any CPU.Build.0 = Release|Any CPU
		{EADD1823-C401-44EE-910E-B46D70A61220}.Release|Mixed Platforms.ActiveCfg = Release|Any CPU
		{EADD1823-C401-44EE-910E-B46D70A61220}.Release|Mixed Platforms.Build.0 = Release|Any CPU
		{EADD1823-C401-44EE-910E-B46D70A61220}.Release|x86.ActiveCfg = Release|Any CPU
		{EADD1823-C401-44EE-910E-B46D70A61220}.Server (Debug)|Any CPU.ActiveCfg = Debug|Any CPU
		{EADD1823-C401-44EE-910E-B46D70A61220}.Server (Debug)|Any CPU.Build.0 = Debug|Any CPU
		{EADD1823-C401-44EE-910E-B46D70A61220}.Server (Debug)|Mixed Platforms.ActiveCfg = Debug|Any CPU
		{EADD1823-C401-44EE-910E-B46D70A61220}.Server (Debug)|Mixed Platforms.Build.0 = Debug|Any CPU
		{EADD1823-C401-44EE-910E-B46D70A61220}.Server (Debug)|x86.ActiveCfg = Debug|Any CPU
	EndGlobalSection
	GlobalSection(SolutionProperties) = preSolution
		HideSolutionNode = FALSE
	EndGlobalSection
EndGlobal
